<?xml version="1.0" encoding="UTF-8"?>
<Project ToolsVersion="12.0" xmlns="http://schemas.microsoft.com/developer/msbuild/2003">
  <ItemGroup>
    <CustomBuild Include="D:\USER\Desktop\Bullet3\CMakeFiles\b8b1d4c6fab2470d674eb9ca8b57e633\RUN_TESTS_force.rule">
      <Filter>CMake Rules</Filter>
    </CustomBuild>
  </ItemGroup>
  <ItemGroup>
    <Filter Include="CMake Rules">
      <UniqueIdentifier>{9A951A8E-B307-383C-8822-FA8C837164AF}</UniqueIdentifier>
    </Filter>
  </ItemGroup>
</Project>
