Microsoft Visual Studio Solution File, Format Version 12.00
# Visual Studio 2013
Project("{8BC9CEB8-8B4A-11D0-8D11-00A0C91BC942}") = "ALL_BUILD", "ALL_BUILD.vcxproj", "{6FE6C552-DF5A-3ADB-9617-301328C78503}"
	ProjectSection(ProjectDependencies) = postProject
		{4D629903-E32A-3B56-9CDC-106ABA2EB376} = {4D629903-E32A-3B56-9CDC-106ABA2EB376}
		{68236175-E316-3988-9D9F-BE436B7EB4F6} = {68236175-E316-3988-9D9F-BE436B7EB4F6}
		{E8005D64-793B-3276-9A73-42A8D6CF0204} = {E8005D64-793B-3276-9A73-42A8D6CF0204}
		{6460AEB5-A260-348E-B1BB-40BF7BDCAACC} = {6460AEB5-A260-348E-B1BB-40BF7BDCAACC}
		{649A14D8-5300-398D-91E1-DD17FC5ED987} = {649A14D8-5300-398D-91E1-DD17FC5ED987}
		{D5AD90E5-DCBB-3FF9-8C2D-24FD4DD12872} = {D5AD90E5-DCBB-3FF9-8C2D-24FD4DD12872}
		{1CDF19E0-B43D-377B-A0C4-548902056A74} = {1CDF19E0-B43D-377B-A0C4-548902056A74}
		{766E4BC9-67CE-382D-8C16-2160E30187C8} = {766E4BC9-67CE-382D-8C16-2160E30187C8}
		{9A25E4FE-6759-3008-90F7-3AB74A42D0F5} = {9A25E4FE-6759-3008-90F7-3AB74A42D0F5}
		{FF4793CD-DCB2-3AF4-BC9D-3DD2E5FC1AB1} = {FF4793CD-DCB2-3AF4-BC9D-3DD2E5FC1AB1}
		{13489E13-6B63-3581-B0E2-870D4DBD6513} = {13489E13-6B63-3581-B0E2-870D4DBD6513}
		{B46BA6F7-91D4-37FE-B722-86DCB5B2D128} = {B46BA6F7-91D4-37FE-B722-86DCB5B2D128}
		{8F58DEFA-486F-3339-9B5C-E43924F593C6} = {8F58DEFA-486F-3339-9B5C-E43924F593C6}
		{CFBD98A8-3CD3-3576-B4B7-0D64B3AC61BF} = {CFBD98A8-3CD3-3576-B4B7-0D64B3AC61BF}
		{B931F18D-E787-345C-9950-33E5D501C564} = {B931F18D-E787-345C-9950-33E5D501C564}
		{433D22F0-F73A-34EF-885A-2342B8EF8D0B} = {433D22F0-F73A-34EF-885A-2342B8EF8D0B}
		{4390738E-8F42-3127-B816-F20ECA8F386A} = {4390738E-8F42-3127-B816-F20ECA8F386A}
		{D4862E96-D3E3-3C19-B65A-93FDF4F736D6} = {D4862E96-D3E3-3C19-B65A-93FDF4F736D6}
		{94FF885A-E2A0-3E85-86B1-260B60232183} = {94FF885A-E2A0-3E85-86B1-260B60232183}
		{0070C062-3304-397C-B400-775AB1EED1B1} = {0070C062-3304-397C-B400-775AB1EED1B1}
		{FC69A267-35DD-3BBD-A137-AF354F79EDF0} = {FC69A267-35DD-3BBD-A137-AF354F79EDF0}
		{7755329B-1BEC-3ED9-A0C9-36E5958B12F3} = {7755329B-1BEC-3ED9-A0C9-36E5958B12F3}
		{9ADFA79F-0D37-3E77-A9EE-CD6499FFF8A3} = {9ADFA79F-0D37-3E77-A9EE-CD6499FFF8A3}
		{0741EDFA-D187-3D6F-BD9B-6D7D2EDB7997} = {0741EDFA-D187-3D6F-BD9B-6D7D2EDB7997}
		{E934A9BA-3EB1-322C-9270-3529259D8C9B} = {E934A9BA-3EB1-322C-9270-3529259D8C9B}
		{FC5D1AFE-60B3-3D4C-8DBA-E390FCFA7314} = {FC5D1AFE-60B3-3D4C-8DBA-E390FCFA7314}
		{5EC0B64F-C01E-3E77-B1D5-3C43E114D77E} = {5EC0B64F-C01E-3E77-B1D5-3C43E114D77E}
		{0F76468A-D4A6-305B-9CB2-3314ABE689C2} = {0F76468A-D4A6-305B-9CB2-3314ABE689C2}
		{22463A6E-58E2-3DEE-A6E7-14853D7C2206} = {22463A6E-58E2-3DEE-A6E7-14853D7C2206}
		{BC90E43D-5850-3D7C-B48C-F3F765023963} = {BC90E43D-5850-3D7C-B48C-F3F765023963}
		{1DEEFF98-8AB2-3147-88F0-1B1807A55279} = {1DEEFF98-8AB2-3147-88F0-1B1807A55279}
		{72F280F6-8BF1-3E4A-8E42-9E833ECE6E79} = {72F280F6-8BF1-3E4A-8E42-9E833ECE6E79}
		{CB72A7B6-2480-3470-A516-28E3AAD550A3} = {CB72A7B6-2480-3470-A516-28E3AAD550A3}
		{9238F39F-DC46-3DF2-89C6-221E4ED38F1A} = {9238F39F-DC46-3DF2-89C6-221E4ED38F1A}
		{2B359D4E-C24C-3CFD-957E-1638FC934953} = {2B359D4E-C24C-3CFD-957E-1638FC934953}
		{548D83A0-3010-35C8-B3B9-570E22C7953D} = {548D83A0-3010-35C8-B3B9-570E22C7953D}
		{B0522872-FE50-31EC-8385-C99C3F739DD0} = {B0522872-FE50-31EC-8385-C99C3F739DD0}
		{CC8A223D-17F3-3F14-B7B2-E8062CA77053} = {CC8A223D-17F3-3F14-B7B2-E8062CA77053}
		{2E798AB7-8013-3B83-8981-10E7AE102300} = {2E798AB7-8013-3B83-8981-10E7AE102300}
		{9D0E3D3C-DAEE-3575-B495-FBC39D1CD4FE} = {9D0E3D3C-DAEE-3575-B495-FBC39D1CD4FE}
		{1C5CA1A7-A699-3518-977E-A49E69BE4A49} = {1C5CA1A7-A699-3518-977E-A49E69BE4A49}
		{C0F10271-9626-3ABB-981F-B82B7405AB2B} = {C0F10271-9626-3ABB-981F-B82B7405AB2B}
		{A94483E2-FAA2-32C0-9A09-5C012824CF02} = {A94483E2-FAA2-32C0-9A09-5C012824CF02}
		{CD092747-58CB-38A8-8E56-BC0DF3344429} = {CD092747-58CB-38A8-8E56-BC0DF3344429}
	EndProjectSection
EndProject
Project("{8BC9CEB8-8B4A-11D0-8D11-00A0C91BC942}") = "AppBasicExampleGui", "examples\BasicDemo\AppBasicExampleGui.vcxproj", "{4D629903-E32A-3B56-9CDC-106ABA2EB376}"
	ProjectSection(ProjectDependencies) = postProject
		{CFBD98A8-3CD3-3576-B4B7-0D64B3AC61BF} = {CFBD98A8-3CD3-3576-B4B7-0D64B3AC61BF}
		{D4862E96-D3E3-3C19-B65A-93FDF4F736D6} = {D4862E96-D3E3-3C19-B65A-93FDF4F736D6}
		{94FF885A-E2A0-3E85-86B1-260B60232183} = {94FF885A-E2A0-3E85-86B1-260B60232183}
		{72F280F6-8BF1-3E4A-8E42-9E833ECE6E79} = {72F280F6-8BF1-3E4A-8E42-9E833ECE6E79}
		{CB72A7B6-2480-3470-A516-28E3AAD550A3} = {CB72A7B6-2480-3470-A516-28E3AAD550A3}
		{1C5CA1A7-A699-3518-977E-A49E69BE4A49} = {1C5CA1A7-A699-3518-977E-A49E69BE4A49}
	EndProjectSection
EndProject
Project("{8BC9CEB8-8B4A-11D0-8D11-00A0C91BC942}") = "App_BasicExample", "examples\BasicDemo\App_BasicExample.vcxproj", "{68236175-E316-3988-9D9F-BE436B7EB4F6}"
	ProjectSection(ProjectDependencies) = postProject
		{D4862E96-D3E3-3C19-B65A-93FDF4F736D6} = {D4862E96-D3E3-3C19-B65A-93FDF4F736D6}
		{94FF885A-E2A0-3E85-86B1-260B60232183} = {94FF885A-E2A0-3E85-86B1-260B60232183}
		{72F280F6-8BF1-3E4A-8E42-9E833ECE6E79} = {72F280F6-8BF1-3E4A-8E42-9E833ECE6E79}
		{1C5CA1A7-A699-3518-977E-A49E69BE4A49} = {1C5CA1A7-A699-3518-977E-A49E69BE4A49}
	EndProjectSection
EndProject
Project("{8BC9CEB8-8B4A-11D0-8D11-00A0C91BC942}") = "App_ExampleBrowser", "examples\ExampleBrowser\App_ExampleBrowser.vcxproj", "{E8005D64-793B-3276-9A73-42A8D6CF0204}"
	ProjectSection(ProjectDependencies) = postProject
		{CFBD98A8-3CD3-3576-B4B7-0D64B3AC61BF} = {CFBD98A8-3CD3-3576-B4B7-0D64B3AC61BF}
		{D4862E96-D3E3-3C19-B65A-93FDF4F736D6} = {D4862E96-D3E3-3C19-B65A-93FDF4F736D6}
		{94FF885A-E2A0-3E85-86B1-260B60232183} = {94FF885A-E2A0-3E85-86B1-260B60232183}
		{0070C062-3304-397C-B400-775AB1EED1B1} = {0070C062-3304-397C-B400-775AB1EED1B1}
		{7755329B-1BEC-3ED9-A0C9-36E5958B12F3} = {7755329B-1BEC-3ED9-A0C9-36E5958B12F3}
		{9ADFA79F-0D37-3E77-A9EE-CD6499FFF8A3} = {9ADFA79F-0D37-3E77-A9EE-CD6499FFF8A3}
		{E934A9BA-3EB1-322C-9270-3529259D8C9B} = {E934A9BA-3EB1-322C-9270-3529259D8C9B}
		{0F76468A-D4A6-305B-9CB2-3314ABE689C2} = {0F76468A-D4A6-305B-9CB2-3314ABE689C2}
		{72F280F6-8BF1-3E4A-8E42-9E833ECE6E79} = {72F280F6-8BF1-3E4A-8E42-9E833ECE6E79}
		{CB72A7B6-2480-3470-A516-28E3AAD550A3} = {CB72A7B6-2480-3470-A516-28E3AAD550A3}
		{1C5CA1A7-A699-3518-977E-A49E69BE4A49} = {1C5CA1A7-A699-3518-977E-A49E69BE4A49}
		{CD092747-58CB-38A8-8E56-BC0DF3344429} = {CD092747-58CB-38A8-8E56-BC0DF3344429}
	EndProjectSection
EndProject
Project("{8BC9CEB8-8B4A-11D0-8D11-00A0C91BC942}") = "App_HelloWorld", "examples\HelloWorld\App_HelloWorld.vcxproj", "{6460AEB5-A260-348E-B1BB-40BF7BDCAACC}"
	ProjectSection(ProjectDependencies) = postProject
		{D4862E96-D3E3-3C19-B65A-93FDF4F736D6} = {D4862E96-D3E3-3C19-B65A-93FDF4F736D6}
		{94FF885A-E2A0-3E85-86B1-260B60232183} = {94FF885A-E2A0-3E85-86B1-260B60232183}
		{72F280F6-8BF1-3E4A-8E42-9E833ECE6E79} = {72F280F6-8BF1-3E4A-8E42-9E833ECE6E79}
		{1C5CA1A7-A699-3518-977E-A49E69BE4A49} = {1C5CA1A7-A699-3518-977E-A49E69BE4A49}
	EndProjectSection
EndProject
Project("{8BC9CEB8-8B4A-11D0-8D11-00A0C91BC942}") = "App_PhysicsServer_SharedMemory", "examples\SharedMemory\App_PhysicsServer_SharedMemory.vcxproj", "{649A14D8-5300-398D-91E1-DD17FC5ED987}"
	ProjectSection(ProjectDependencies) = postProject
		{CFBD98A8-3CD3-3576-B4B7-0D64B3AC61BF} = {CFBD98A8-3CD3-3576-B4B7-0D64B3AC61BF}
		{D4862E96-D3E3-3C19-B65A-93FDF4F736D6} = {D4862E96-D3E3-3C19-B65A-93FDF4F736D6}
		{94FF885A-E2A0-3E85-86B1-260B60232183} = {94FF885A-E2A0-3E85-86B1-260B60232183}
		{FC69A267-35DD-3BBD-A137-AF354F79EDF0} = {FC69A267-35DD-3BBD-A137-AF354F79EDF0}
		{7755329B-1BEC-3ED9-A0C9-36E5958B12F3} = {7755329B-1BEC-3ED9-A0C9-36E5958B12F3}
		{9ADFA79F-0D37-3E77-A9EE-CD6499FFF8A3} = {9ADFA79F-0D37-3E77-A9EE-CD6499FFF8A3}
		{E934A9BA-3EB1-322C-9270-3529259D8C9B} = {E934A9BA-3EB1-322C-9270-3529259D8C9B}
		{FC5D1AFE-60B3-3D4C-8DBA-E390FCFA7314} = {FC5D1AFE-60B3-3D4C-8DBA-E390FCFA7314}
		{0F76468A-D4A6-305B-9CB2-3314ABE689C2} = {0F76468A-D4A6-305B-9CB2-3314ABE689C2}
		{72F280F6-8BF1-3E4A-8E42-9E833ECE6E79} = {72F280F6-8BF1-3E4A-8E42-9E833ECE6E79}
		{1C5CA1A7-A699-3518-977E-A49E69BE4A49} = {1C5CA1A7-A699-3518-977E-A49E69BE4A49}
	EndProjectSection
EndProject
Project("{8BC9CEB8-8B4A-11D0-8D11-00A0C91BC942}") = "App_PhysicsServer_SharedMemory_GUI", "examples\SharedMemory\App_PhysicsServer_SharedMemory_GUI.vcxproj", "{D5AD90E5-DCBB-3FF9-8C2D-24FD4DD12872}"
	ProjectSection(ProjectDependencies) = postProject
		{CFBD98A8-3CD3-3576-B4B7-0D64B3AC61BF} = {CFBD98A8-3CD3-3576-B4B7-0D64B3AC61BF}
		{D4862E96-D3E3-3C19-B65A-93FDF4F736D6} = {D4862E96-D3E3-3C19-B65A-93FDF4F736D6}
		{94FF885A-E2A0-3E85-86B1-260B60232183} = {94FF885A-E2A0-3E85-86B1-260B60232183}
		{FC69A267-35DD-3BBD-A137-AF354F79EDF0} = {FC69A267-35DD-3BBD-A137-AF354F79EDF0}
		{7755329B-1BEC-3ED9-A0C9-36E5958B12F3} = {7755329B-1BEC-3ED9-A0C9-36E5958B12F3}
		{9ADFA79F-0D37-3E77-A9EE-CD6499FFF8A3} = {9ADFA79F-0D37-3E77-A9EE-CD6499FFF8A3}
		{E934A9BA-3EB1-322C-9270-3529259D8C9B} = {E934A9BA-3EB1-322C-9270-3529259D8C9B}
		{FC5D1AFE-60B3-3D4C-8DBA-E390FCFA7314} = {FC5D1AFE-60B3-3D4C-8DBA-E390FCFA7314}
		{0F76468A-D4A6-305B-9CB2-3314ABE689C2} = {0F76468A-D4A6-305B-9CB2-3314ABE689C2}
		{72F280F6-8BF1-3E4A-8E42-9E833ECE6E79} = {72F280F6-8BF1-3E4A-8E42-9E833ECE6E79}
		{CB72A7B6-2480-3470-A516-28E3AAD550A3} = {CB72A7B6-2480-3470-A516-28E3AAD550A3}
		{1C5CA1A7-A699-3518-977E-A49E69BE4A49} = {1C5CA1A7-A699-3518-977E-A49E69BE4A49}
	EndProjectSection
EndProject
Project("{8BC9CEB8-8B4A-11D0-8D11-00A0C91BC942}") = "App_PhysicsServer_SharedMemory_VR", "examples\SharedMemory\App_PhysicsServer_SharedMemory_VR.vcxproj", "{1CDF19E0-B43D-377B-A0C4-548902056A74}"
	ProjectSection(ProjectDependencies) = postProject
		{CFBD98A8-3CD3-3576-B4B7-0D64B3AC61BF} = {CFBD98A8-3CD3-3576-B4B7-0D64B3AC61BF}
		{D4862E96-D3E3-3C19-B65A-93FDF4F736D6} = {D4862E96-D3E3-3C19-B65A-93FDF4F736D6}
		{94FF885A-E2A0-3E85-86B1-260B60232183} = {94FF885A-E2A0-3E85-86B1-260B60232183}
		{FC69A267-35DD-3BBD-A137-AF354F79EDF0} = {FC69A267-35DD-3BBD-A137-AF354F79EDF0}
		{7755329B-1BEC-3ED9-A0C9-36E5958B12F3} = {7755329B-1BEC-3ED9-A0C9-36E5958B12F3}
		{9ADFA79F-0D37-3E77-A9EE-CD6499FFF8A3} = {9ADFA79F-0D37-3E77-A9EE-CD6499FFF8A3}
		{E934A9BA-3EB1-322C-9270-3529259D8C9B} = {E934A9BA-3EB1-322C-9270-3529259D8C9B}
		{FC5D1AFE-60B3-3D4C-8DBA-E390FCFA7314} = {FC5D1AFE-60B3-3D4C-8DBA-E390FCFA7314}
		{0F76468A-D4A6-305B-9CB2-3314ABE689C2} = {0F76468A-D4A6-305B-9CB2-3314ABE689C2}
		{72F280F6-8BF1-3E4A-8E42-9E833ECE6E79} = {72F280F6-8BF1-3E4A-8E42-9E833ECE6E79}
		{CB72A7B6-2480-3470-A516-28E3AAD550A3} = {CB72A7B6-2480-3470-A516-28E3AAD550A3}
		{1C5CA1A7-A699-3518-977E-A49E69BE4A49} = {1C5CA1A7-A699-3518-977E-A49E69BE4A49}
	EndProjectSection
EndProject
Project("{8BC9CEB8-8B4A-11D0-8D11-00A0C91BC942}") = "App_RobotSimulator", "examples\RobotSimulator\App_RobotSimulator.vcxproj", "{766E4BC9-67CE-382D-8C16-2160E30187C8}"
	ProjectSection(ProjectDependencies) = postProject
		{CFBD98A8-3CD3-3576-B4B7-0D64B3AC61BF} = {CFBD98A8-3CD3-3576-B4B7-0D64B3AC61BF}
		{D4862E96-D3E3-3C19-B65A-93FDF4F736D6} = {D4862E96-D3E3-3C19-B65A-93FDF4F736D6}
		{94FF885A-E2A0-3E85-86B1-260B60232183} = {94FF885A-E2A0-3E85-86B1-260B60232183}
		{0070C062-3304-397C-B400-775AB1EED1B1} = {0070C062-3304-397C-B400-775AB1EED1B1}
		{FC69A267-35DD-3BBD-A137-AF354F79EDF0} = {FC69A267-35DD-3BBD-A137-AF354F79EDF0}
		{7755329B-1BEC-3ED9-A0C9-36E5958B12F3} = {7755329B-1BEC-3ED9-A0C9-36E5958B12F3}
		{9ADFA79F-0D37-3E77-A9EE-CD6499FFF8A3} = {9ADFA79F-0D37-3E77-A9EE-CD6499FFF8A3}
		{0741EDFA-D187-3D6F-BD9B-6D7D2EDB7997} = {0741EDFA-D187-3D6F-BD9B-6D7D2EDB7997}
		{E934A9BA-3EB1-322C-9270-3529259D8C9B} = {E934A9BA-3EB1-322C-9270-3529259D8C9B}
		{FC5D1AFE-60B3-3D4C-8DBA-E390FCFA7314} = {FC5D1AFE-60B3-3D4C-8DBA-E390FCFA7314}
		{72F280F6-8BF1-3E4A-8E42-9E833ECE6E79} = {72F280F6-8BF1-3E4A-8E42-9E833ECE6E79}
		{CB72A7B6-2480-3470-A516-28E3AAD550A3} = {CB72A7B6-2480-3470-A516-28E3AAD550A3}
		{1C5CA1A7-A699-3518-977E-A49E69BE4A49} = {1C5CA1A7-A699-3518-977E-A49E69BE4A49}
		{CD092747-58CB-38A8-8E56-BC0DF3344429} = {CD092747-58CB-38A8-8E56-BC0DF3344429}
	EndProjectSection
EndProject
Project("{8BC9CEB8-8B4A-11D0-8D11-00A0C91BC942}") = "App_RobotSimulator_NoGUI", "examples\RobotSimulator\App_RobotSimulator_NoGUI.vcxproj", "{9A25E4FE-6759-3008-90F7-3AB74A42D0F5}"
	ProjectSection(ProjectDependencies) = postProject
		{CFBD98A8-3CD3-3576-B4B7-0D64B3AC61BF} = {CFBD98A8-3CD3-3576-B4B7-0D64B3AC61BF}
		{D4862E96-D3E3-3C19-B65A-93FDF4F736D6} = {D4862E96-D3E3-3C19-B65A-93FDF4F736D6}
		{94FF885A-E2A0-3E85-86B1-260B60232183} = {94FF885A-E2A0-3E85-86B1-260B60232183}
		{FC69A267-35DD-3BBD-A137-AF354F79EDF0} = {FC69A267-35DD-3BBD-A137-AF354F79EDF0}
		{7755329B-1BEC-3ED9-A0C9-36E5958B12F3} = {7755329B-1BEC-3ED9-A0C9-36E5958B12F3}
		{9ADFA79F-0D37-3E77-A9EE-CD6499FFF8A3} = {9ADFA79F-0D37-3E77-A9EE-CD6499FFF8A3}
		{0741EDFA-D187-3D6F-BD9B-6D7D2EDB7997} = {0741EDFA-D187-3D6F-BD9B-6D7D2EDB7997}
		{E934A9BA-3EB1-322C-9270-3529259D8C9B} = {E934A9BA-3EB1-322C-9270-3529259D8C9B}
		{FC5D1AFE-60B3-3D4C-8DBA-E390FCFA7314} = {FC5D1AFE-60B3-3D4C-8DBA-E390FCFA7314}
		{72F280F6-8BF1-3E4A-8E42-9E833ECE6E79} = {72F280F6-8BF1-3E4A-8E42-9E833ECE6E79}
		{1C5CA1A7-A699-3518-977E-A49E69BE4A49} = {1C5CA1A7-A699-3518-977E-A49E69BE4A49}
	EndProjectSection
EndProject
Project("{8BC9CEB8-8B4A-11D0-8D11-00A0C91BC942}") = "App_TwoJoint", "examples\TwoJoint\App_TwoJoint.vcxproj", "{FF4793CD-DCB2-3AF4-BC9D-3DD2E5FC1AB1}"
	ProjectSection(ProjectDependencies) = postProject
		{CFBD98A8-3CD3-3576-B4B7-0D64B3AC61BF} = {CFBD98A8-3CD3-3576-B4B7-0D64B3AC61BF}
		{D4862E96-D3E3-3C19-B65A-93FDF4F736D6} = {D4862E96-D3E3-3C19-B65A-93FDF4F736D6}
		{94FF885A-E2A0-3E85-86B1-260B60232183} = {94FF885A-E2A0-3E85-86B1-260B60232183}
		{0070C062-3304-397C-B400-775AB1EED1B1} = {0070C062-3304-397C-B400-775AB1EED1B1}
		{FC69A267-35DD-3BBD-A137-AF354F79EDF0} = {FC69A267-35DD-3BBD-A137-AF354F79EDF0}
		{7755329B-1BEC-3ED9-A0C9-36E5958B12F3} = {7755329B-1BEC-3ED9-A0C9-36E5958B12F3}
		{9ADFA79F-0D37-3E77-A9EE-CD6499FFF8A3} = {9ADFA79F-0D37-3E77-A9EE-CD6499FFF8A3}
		{E934A9BA-3EB1-322C-9270-3529259D8C9B} = {E934A9BA-3EB1-322C-9270-3529259D8C9B}
		{FC5D1AFE-60B3-3D4C-8DBA-E390FCFA7314} = {FC5D1AFE-60B3-3D4C-8DBA-E390FCFA7314}
		{0F76468A-D4A6-305B-9CB2-3314ABE689C2} = {0F76468A-D4A6-305B-9CB2-3314ABE689C2}
		{72F280F6-8BF1-3E4A-8E42-9E833ECE6E79} = {72F280F6-8BF1-3E4A-8E42-9E833ECE6E79}
		{CB72A7B6-2480-3470-A516-28E3AAD550A3} = {CB72A7B6-2480-3470-A516-28E3AAD550A3}
		{1C5CA1A7-A699-3518-977E-A49E69BE4A49} = {1C5CA1A7-A699-3518-977E-A49E69BE4A49}
		{CD092747-58CB-38A8-8E56-BC0DF3344429} = {CD092747-58CB-38A8-8E56-BC0DF3344429}
	EndProjectSection
EndProject
Project("{8BC9CEB8-8B4A-11D0-8D11-00A0C91BC942}") = "App_obj2sdf", "Extras\obj2sdf\App_obj2sdf.vcxproj", "{13489E13-6B63-3581-B0E2-870D4DBD6513}"
	ProjectSection(ProjectDependencies) = postProject
		{CFBD98A8-3CD3-3576-B4B7-0D64B3AC61BF} = {CFBD98A8-3CD3-3576-B4B7-0D64B3AC61BF}
		{1C5CA1A7-A699-3518-977E-A49E69BE4A49} = {1C5CA1A7-A699-3518-977E-A49E69BE4A49}
	EndProjectSection
EndProject
Project("{8BC9CEB8-8B4A-11D0-8D11-00A0C91BC942}") = "Bullet2FileLoader", "src\Bullet3Serialize\Bullet2FileLoader\Bullet2FileLoader.vcxproj", "{B46BA6F7-91D4-37FE-B722-86DCB5B2D128}"
	ProjectSection(ProjectDependencies) = postProject
		{1C5CA1A7-A699-3518-977E-A49E69BE4A49} = {1C5CA1A7-A699-3518-977E-A49E69BE4A49}
	EndProjectSection
EndProject
Project("{8BC9CEB8-8B4A-11D0-8D11-00A0C91BC942}") = "Bullet3Collision", "src\Bullet3Collision\Bullet3Collision.vcxproj", "{8F58DEFA-486F-3339-9B5C-E43924F593C6}"
	ProjectSection(ProjectDependencies) = postProject
		{1C5CA1A7-A699-3518-977E-A49E69BE4A49} = {1C5CA1A7-A699-3518-977E-A49E69BE4A49}
	EndProjectSection
EndProject
Project("{8BC9CEB8-8B4A-11D0-8D11-00A0C91BC942}") = "Bullet3Common", "src\Bullet3Common\Bullet3Common.vcxproj", "{CFBD98A8-3CD3-3576-B4B7-0D64B3AC61BF}"
	ProjectSection(ProjectDependencies) = postProject
		{1C5CA1A7-A699-3518-977E-A49E69BE4A49} = {1C5CA1A7-A699-3518-977E-A49E69BE4A49}
	EndProjectSection
EndProject
Project("{8BC9CEB8-8B4A-11D0-8D11-00A0C91BC942}") = "Bullet3Dynamics", "src\Bullet3Dynamics\Bullet3Dynamics.vcxproj", "{B931F18D-E787-345C-9950-33E5D501C564}"
	ProjectSection(ProjectDependencies) = postProject
		{1C5CA1A7-A699-3518-977E-A49E69BE4A49} = {1C5CA1A7-A699-3518-977E-A49E69BE4A49}
	EndProjectSection
EndProject
Project("{8BC9CEB8-8B4A-11D0-8D11-00A0C91BC942}") = "Bullet3Geometry", "src\Bullet3Geometry\Bullet3Geometry.vcxproj", "{433D22F0-F73A-34EF-885A-2342B8EF8D0B}"
	ProjectSection(ProjectDependencies) = postProject
		{1C5CA1A7-A699-3518-977E-A49E69BE4A49} = {1C5CA1A7-A699-3518-977E-A49E69BE4A49}
	EndProjectSection
EndProject
Project("{8BC9CEB8-8B4A-11D0-8D11-00A0C91BC942}") = "Bullet3OpenCL_clew", "src\Bullet3OpenCL\Bullet3OpenCL_clew.vcxproj", "{4390738E-8F42-3127-B816-F20ECA8F386A}"
	ProjectSection(ProjectDependencies) = postProject
		{1C5CA1A7-A699-3518-977E-A49E69BE4A49} = {1C5CA1A7-A699-3518-977E-A49E69BE4A49}
	EndProjectSection
EndProject
Project("{8BC9CEB8-8B4A-11D0-8D11-00A0C91BC942}") = "BulletCollision", "src\BulletCollision\BulletCollision.vcxproj", "{D4862E96-D3E3-3C19-B65A-93FDF4F736D6}"
	ProjectSection(ProjectDependencies) = postProject
		{1C5CA1A7-A699-3518-977E-A49E69BE4A49} = {1C5CA1A7-A699-3518-977E-A49E69BE4A49}
	EndProjectSection
EndProject
Project("{8BC9CEB8-8B4A-11D0-8D11-00A0C91BC942}") = "BulletDynamics", "src\BulletDynamics\BulletDynamics.vcxproj", "{94FF885A-E2A0-3E85-86B1-260B60232183}"
	ProjectSection(ProjectDependencies) = postProject
		{1C5CA1A7-A699-3518-977E-A49E69BE4A49} = {1C5CA1A7-A699-3518-977E-A49E69BE4A49}
	EndProjectSection
EndProject
Project("{8BC9CEB8-8B4A-11D0-8D11-00A0C91BC942}") = "BulletExampleBrowserLib", "examples\ExampleBrowser\BulletExampleBrowserLib.vcxproj", "{0070C062-3304-397C-B400-775AB1EED1B1}"
	ProjectSection(ProjectDependencies) = postProject
		{1C5CA1A7-A699-3518-977E-A49E69BE4A49} = {1C5CA1A7-A699-3518-977E-A49E69BE4A49}
	EndProjectSection
EndProject
Project("{8BC9CEB8-8B4A-11D0-8D11-00A0C91BC942}") = "BulletFileLoader", "Extras\Serialize\BulletFileLoader\BulletFileLoader.vcxproj", "{FC69A267-35DD-3BBD-A137-AF354F79EDF0}"
	ProjectSection(ProjectDependencies) = postProject
		{1C5CA1A7-A699-3518-977E-A49E69BE4A49} = {1C5CA1A7-A699-3518-977E-A49E69BE4A49}
	EndProjectSection
EndProject
Project("{8BC9CEB8-8B4A-11D0-8D11-00A0C91BC942}") = "BulletInverseDynamics", "src\BulletInverseDynamics\BulletInverseDynamics.vcxproj", "{7755329B-1BEC-3ED9-A0C9-36E5958B12F3}"
	ProjectSection(ProjectDependencies) = postProject
		{1C5CA1A7-A699-3518-977E-A49E69BE4A49} = {1C5CA1A7-A699-3518-977E-A49E69BE4A49}
	EndProjectSection
EndProject
Project("{8BC9CEB8-8B4A-11D0-8D11-00A0C91BC942}") = "BulletInverseDynamicsUtils", "Extras\InverseDynamics\BulletInverseDynamicsUtils.vcxproj", "{9ADFA79F-0D37-3E77-A9EE-CD6499FFF8A3}"
	ProjectSection(ProjectDependencies) = postProject
		{1C5CA1A7-A699-3518-977E-A49E69BE4A49} = {1C5CA1A7-A699-3518-977E-A49E69BE4A49}
	EndProjectSection
EndProject
Project("{8BC9CEB8-8B4A-11D0-8D11-00A0C91BC942}") = "BulletRobotics", "Extras\BulletRobotics\BulletRobotics.vcxproj", "{0741EDFA-D187-3D6F-BD9B-6D7D2EDB7997}"
	ProjectSection(ProjectDependencies) = postProject
		{1C5CA1A7-A699-3518-977E-A49E69BE4A49} = {1C5CA1A7-A699-3518-977E-A49E69BE4A49}
	EndProjectSection
EndProject
Project("{8BC9CEB8-8B4A-11D0-8D11-00A0C91BC942}") = "BulletSoftBody", "src\BulletSoftBody\BulletSoftBody.vcxproj", "{E934A9BA-3EB1-322C-9270-3529259D8C9B}"
	ProjectSection(ProjectDependencies) = postProject
		{1C5CA1A7-A699-3518-977E-A49E69BE4A49} = {1C5CA1A7-A699-3518-977E-A49E69BE4A49}
	EndProjectSection
EndProject
Project("{8BC9CEB8-8B4A-11D0-8D11-00A0C91BC942}") = "BulletWorldImporter", "Extras\Serialize\BulletWorldImporter\BulletWorldImporter.vcxproj", "{FC5D1AFE-60B3-3D4C-8DBA-E390FCFA7314}"
	ProjectSection(ProjectDependencies) = postProject
		{1C5CA1A7-A699-3518-977E-A49E69BE4A49} = {1C5CA1A7-A699-3518-977E-A49E69BE4A49}
	EndProjectSection
EndProject
Project("{8BC9CEB8-8B4A-11D0-8D11-00A0C91BC942}") = "BulletXmlWorldImporter", "Extras\Serialize\BulletXmlWorldImporter\BulletXmlWorldImporter.vcxproj", "{5EC0B64F-C01E-3E77-B1D5-3C43E114D77E}"
	ProjectSection(ProjectDependencies) = postProject
		{1C5CA1A7-A699-3518-977E-A49E69BE4A49} = {1C5CA1A7-A699-3518-977E-A49E69BE4A49}
	EndProjectSection
EndProject
Project("{8BC9CEB8-8B4A-11D0-8D11-00A0C91BC942}") = "BussIK", "examples\ThirdPartyLibs\BussIK\BussIK.vcxproj", "{0F76468A-D4A6-305B-9CB2-3314ABE689C2}"
	ProjectSection(ProjectDependencies) = postProject
		{1C5CA1A7-A699-3518-977E-A49E69BE4A49} = {1C5CA1A7-A699-3518-977E-A49E69BE4A49}
	EndProjectSection
EndProject
Project("{8BC9CEB8-8B4A-11D0-8D11-00A0C91BC942}") = "ConvexDecomposition", "Extras\ConvexDecomposition\ConvexDecomposition.vcxproj", "{22463A6E-58E2-3DEE-A6E7-14853D7C2206}"
	ProjectSection(ProjectDependencies) = postProject
		{1C5CA1A7-A699-3518-977E-A49E69BE4A49} = {1C5CA1A7-A699-3518-977E-A49E69BE4A49}
	EndProjectSection
EndProject
Project("{8BC9CEB8-8B4A-11D0-8D11-00A0C91BC942}") = "GIMPACTUtils", "Extras\GIMPACTUtils\GIMPACTUtils.vcxproj", "{BC90E43D-5850-3D7C-B48C-F3F765023963}"
	ProjectSection(ProjectDependencies) = postProject
		{1C5CA1A7-A699-3518-977E-A49E69BE4A49} = {1C5CA1A7-A699-3518-977E-A49E69BE4A49}
	EndProjectSection
EndProject
Project("{8BC9CEB8-8B4A-11D0-8D11-00A0C91BC942}") = "HACD", "Extras\HACD\HACD.vcxproj", "{1DEEFF98-8AB2-3147-88F0-1B1807A55279}"
	ProjectSection(ProjectDependencies) = postProject
		{1C5CA1A7-A699-3518-977E-A49E69BE4A49} = {1C5CA1A7-A699-3518-977E-A49E69BE4A49}
	EndProjectSection
EndProject
Project("{8BC9CEB8-8B4A-11D0-8D11-00A0C91BC942}") = "INSTALL", "INSTALL.vcxproj", "{A20667E8-8DE2-3768-86B6-2D11768920F9}"
	ProjectSection(ProjectDependencies) = postProject
		{6FE6C552-DF5A-3ADB-9617-301328C78503} = {6FE6C552-DF5A-3ADB-9617-301328C78503}
		{1C5CA1A7-A699-3518-977E-A49E69BE4A49} = {1C5CA1A7-A699-3518-977E-A49E69BE4A49}
	EndProjectSection
EndProject
Project("{8BC9CEB8-8B4A-11D0-8D11-00A0C91BC942}") = "LinearMath", "src\LinearMath\LinearMath.vcxproj", "{72F280F6-8BF1-3E4A-8E42-9E833ECE6E79}"
	ProjectSection(ProjectDependencies) = postProject
		{1C5CA1A7-A699-3518-977E-A49E69BE4A49} = {1C5CA1A7-A699-3518-977E-A49E69BE4A49}
	EndProjectSection
EndProject
Project("{8BC9CEB8-8B4A-11D0-8D11-00A0C91BC942}") = "OpenGLWindow", "examples\OpenGLWindow\OpenGLWindow.vcxproj", "{CB72A7B6-2480-3470-A516-28E3AAD550A3}"
	ProjectSection(ProjectDependencies) = postProject
		{1C5CA1A7-A699-3518-977E-A49E69BE4A49} = {1C5CA1A7-A699-3518-977E-A49E69BE4A49}
	EndProjectSection
EndProject
Project("{8BC9CEB8-8B4A-11D0-8D11-00A0C91BC942}") = "RUN_TESTS", "RUN_TESTS.vcxproj", "{02F5E6F2-6179-3F03-85E9-D6243968A27C}"
	ProjectSection(ProjectDependencies) = postProject
		{1C5CA1A7-A699-3518-977E-A49E69BE4A49} = {1C5CA1A7-A699-3518-977E-A49E69BE4A49}
	EndProjectSection
EndProject
Project("{8BC9CEB8-8B4A-11D0-8D11-00A0C91BC942}") = "Test_BulletDynamics", "test\BulletDynamics\pendulum\Test_BulletDynamics.vcxproj", "{9238F39F-DC46-3DF2-89C6-221E4ED38F1A}"
	ProjectSection(ProjectDependencies) = postProject
		{D4862E96-D3E3-3C19-B65A-93FDF4F736D6} = {D4862E96-D3E3-3C19-B65A-93FDF4F736D6}
		{94FF885A-E2A0-3E85-86B1-260B60232183} = {94FF885A-E2A0-3E85-86B1-260B60232183}
		{72F280F6-8BF1-3E4A-8E42-9E833ECE6E79} = {72F280F6-8BF1-3E4A-8E42-9E833ECE6E79}
		{1C5CA1A7-A699-3518-977E-A49E69BE4A49} = {1C5CA1A7-A699-3518-977E-A49E69BE4A49}
		{A94483E2-FAA2-32C0-9A09-5C012824CF02} = {A94483E2-FAA2-32C0-9A09-5C012824CF02}
	EndProjectSection
EndProject
Project("{8BC9CEB8-8B4A-11D0-8D11-00A0C91BC942}") = "Test_BulletInverseDynamics", "test\InverseDynamics\Test_BulletInverseDynamics.vcxproj", "{2B359D4E-C24C-3CFD-957E-1638FC934953}"
	ProjectSection(ProjectDependencies) = postProject
		{CFBD98A8-3CD3-3576-B4B7-0D64B3AC61BF} = {CFBD98A8-3CD3-3576-B4B7-0D64B3AC61BF}
		{D4862E96-D3E3-3C19-B65A-93FDF4F736D6} = {D4862E96-D3E3-3C19-B65A-93FDF4F736D6}
		{94FF885A-E2A0-3E85-86B1-260B60232183} = {94FF885A-E2A0-3E85-86B1-260B60232183}
		{7755329B-1BEC-3ED9-A0C9-36E5958B12F3} = {7755329B-1BEC-3ED9-A0C9-36E5958B12F3}
		{9ADFA79F-0D37-3E77-A9EE-CD6499FFF8A3} = {9ADFA79F-0D37-3E77-A9EE-CD6499FFF8A3}
		{72F280F6-8BF1-3E4A-8E42-9E833ECE6E79} = {72F280F6-8BF1-3E4A-8E42-9E833ECE6E79}
		{1C5CA1A7-A699-3518-977E-A49E69BE4A49} = {1C5CA1A7-A699-3518-977E-A49E69BE4A49}
		{A94483E2-FAA2-32C0-9A09-5C012824CF02} = {A94483E2-FAA2-32C0-9A09-5C012824CF02}
	EndProjectSection
EndProject
Project("{8BC9CEB8-8B4A-11D0-8D11-00A0C91BC942}") = "Test_BulletInverseDynamicsJacobian", "test\InverseDynamics\Test_BulletInverseDynamicsJacobian.vcxproj", "{548D83A0-3010-35C8-B3B9-570E22C7953D}"
	ProjectSection(ProjectDependencies) = postProject
		{CFBD98A8-3CD3-3576-B4B7-0D64B3AC61BF} = {CFBD98A8-3CD3-3576-B4B7-0D64B3AC61BF}
		{7755329B-1BEC-3ED9-A0C9-36E5958B12F3} = {7755329B-1BEC-3ED9-A0C9-36E5958B12F3}
		{9ADFA79F-0D37-3E77-A9EE-CD6499FFF8A3} = {9ADFA79F-0D37-3E77-A9EE-CD6499FFF8A3}
		{72F280F6-8BF1-3E4A-8E42-9E833ECE6E79} = {72F280F6-8BF1-3E4A-8E42-9E833ECE6E79}
		{1C5CA1A7-A699-3518-977E-A49E69BE4A49} = {1C5CA1A7-A699-3518-977E-A49E69BE4A49}
		{A94483E2-FAA2-32C0-9A09-5C012824CF02} = {A94483E2-FAA2-32C0-9A09-5C012824CF02}
	EndProjectSection
EndProject
Project("{8BC9CEB8-8B4A-11D0-8D11-00A0C91BC942}") = "Test_BulletInverseForwardDynamics", "test\InverseDynamics\Test_BulletInverseForwardDynamics.vcxproj", "{B0522872-FE50-31EC-8385-C99C3F739DD0}"
	ProjectSection(ProjectDependencies) = postProject
		{CFBD98A8-3CD3-3576-B4B7-0D64B3AC61BF} = {CFBD98A8-3CD3-3576-B4B7-0D64B3AC61BF}
		{D4862E96-D3E3-3C19-B65A-93FDF4F736D6} = {D4862E96-D3E3-3C19-B65A-93FDF4F736D6}
		{94FF885A-E2A0-3E85-86B1-260B60232183} = {94FF885A-E2A0-3E85-86B1-260B60232183}
		{7755329B-1BEC-3ED9-A0C9-36E5958B12F3} = {7755329B-1BEC-3ED9-A0C9-36E5958B12F3}
		{9ADFA79F-0D37-3E77-A9EE-CD6499FFF8A3} = {9ADFA79F-0D37-3E77-A9EE-CD6499FFF8A3}
		{72F280F6-8BF1-3E4A-8E42-9E833ECE6E79} = {72F280F6-8BF1-3E4A-8E42-9E833ECE6E79}
		{1C5CA1A7-A699-3518-977E-A49E69BE4A49} = {1C5CA1A7-A699-3518-977E-A49E69BE4A49}
		{A94483E2-FAA2-32C0-9A09-5C012824CF02} = {A94483E2-FAA2-32C0-9A09-5C012824CF02}
	EndProjectSection
EndProject
Project("{8BC9CEB8-8B4A-11D0-8D11-00A0C91BC942}") = "Test_Collision", "test\collision\Test_Collision.vcxproj", "{CC8A223D-17F3-3F14-B7B2-E8062CA77053}"
	ProjectSection(ProjectDependencies) = postProject
		{72F280F6-8BF1-3E4A-8E42-9E833ECE6E79} = {72F280F6-8BF1-3E4A-8E42-9E833ECE6E79}
		{1C5CA1A7-A699-3518-977E-A49E69BE4A49} = {1C5CA1A7-A699-3518-977E-A49E69BE4A49}
		{A94483E2-FAA2-32C0-9A09-5C012824CF02} = {A94483E2-FAA2-32C0-9A09-5C012824CF02}
	EndProjectSection
EndProject
Project("{8BC9CEB8-8B4A-11D0-8D11-00A0C91BC942}") = "Test_PhysicsClientServer", "test\SharedMemory\Test_PhysicsClientServer.vcxproj", "{2E798AB7-8013-3B83-8981-10E7AE102300}"
	ProjectSection(ProjectDependencies) = postProject
		{CFBD98A8-3CD3-3576-B4B7-0D64B3AC61BF} = {CFBD98A8-3CD3-3576-B4B7-0D64B3AC61BF}
		{D4862E96-D3E3-3C19-B65A-93FDF4F736D6} = {D4862E96-D3E3-3C19-B65A-93FDF4F736D6}
		{94FF885A-E2A0-3E85-86B1-260B60232183} = {94FF885A-E2A0-3E85-86B1-260B60232183}
		{FC69A267-35DD-3BBD-A137-AF354F79EDF0} = {FC69A267-35DD-3BBD-A137-AF354F79EDF0}
		{7755329B-1BEC-3ED9-A0C9-36E5958B12F3} = {7755329B-1BEC-3ED9-A0C9-36E5958B12F3}
		{9ADFA79F-0D37-3E77-A9EE-CD6499FFF8A3} = {9ADFA79F-0D37-3E77-A9EE-CD6499FFF8A3}
		{E934A9BA-3EB1-322C-9270-3529259D8C9B} = {E934A9BA-3EB1-322C-9270-3529259D8C9B}
		{FC5D1AFE-60B3-3D4C-8DBA-E390FCFA7314} = {FC5D1AFE-60B3-3D4C-8DBA-E390FCFA7314}
		{0F76468A-D4A6-305B-9CB2-3314ABE689C2} = {0F76468A-D4A6-305B-9CB2-3314ABE689C2}
		{72F280F6-8BF1-3E4A-8E42-9E833ECE6E79} = {72F280F6-8BF1-3E4A-8E42-9E833ECE6E79}
		{1C5CA1A7-A699-3518-977E-A49E69BE4A49} = {1C5CA1A7-A699-3518-977E-A49E69BE4A49}
		{A94483E2-FAA2-32C0-9A09-5C012824CF02} = {A94483E2-FAA2-32C0-9A09-5C012824CF02}
	EndProjectSection
EndProject
Project("{8BC9CEB8-8B4A-11D0-8D11-00A0C91BC942}") = "Test_btKinematicCharacterController", "test\BulletDynamics\Test_btKinematicCharacterController.vcxproj", "{9D0E3D3C-DAEE-3575-B495-FBC39D1CD4FE}"
	ProjectSection(ProjectDependencies) = postProject
		{D4862E96-D3E3-3C19-B65A-93FDF4F736D6} = {D4862E96-D3E3-3C19-B65A-93FDF4F736D6}
		{94FF885A-E2A0-3E85-86B1-260B60232183} = {94FF885A-E2A0-3E85-86B1-260B60232183}
		{72F280F6-8BF1-3E4A-8E42-9E833ECE6E79} = {72F280F6-8BF1-3E4A-8E42-9E833ECE6E79}
		{1C5CA1A7-A699-3518-977E-A49E69BE4A49} = {1C5CA1A7-A699-3518-977E-A49E69BE4A49}
		{A94483E2-FAA2-32C0-9A09-5C012824CF02} = {A94483E2-FAA2-32C0-9A09-5C012824CF02}
	EndProjectSection
EndProject
Project("{8BC9CEB8-8B4A-11D0-8D11-00A0C91BC942}") = "ZERO_CHECK", "ZERO_CHECK.vcxproj", "{1C5CA1A7-A699-3518-977E-A49E69BE4A49}"
	ProjectSection(ProjectDependencies) = postProject
	EndProjectSection
EndProject
Project("{8BC9CEB8-8B4A-11D0-8D11-00A0C91BC942}") = "clsocket", "examples\ThirdPartyLibs\clsocket\clsocket.vcxproj", "{C0F10271-9626-3ABB-981F-B82B7405AB2B}"
	ProjectSection(ProjectDependencies) = postProject
		{1C5CA1A7-A699-3518-977E-A49E69BE4A49} = {1C5CA1A7-A699-3518-977E-A49E69BE4A49}
	EndProjectSection
EndProject
Project("{8BC9CEB8-8B4A-11D0-8D11-00A0C91BC942}") = "gtest", "test\gtest-1.7.0\gtest.vcxproj", "{A94483E2-FAA2-32C0-9A09-5C012824CF02}"
	ProjectSection(ProjectDependencies) = postProject
		{1C5CA1A7-A699-3518-977E-A49E69BE4A49} = {1C5CA1A7-A699-3518-977E-A49E69BE4A49}
	EndProjectSection
EndProject
Project("{8BC9CEB8-8B4A-11D0-8D11-00A0C91BC942}") = "gwen", "examples\ThirdPartyLibs\Gwen\gwen.vcxproj", "{CD092747-58CB-38A8-8E56-BC0DF3344429}"
	ProjectSection(ProjectDependencies) = postProject
		{1C5CA1A7-A699-3518-977E-A49E69BE4A49} = {1C5CA1A7-A699-3518-977E-A49E69BE4A49}
	EndProjectSection
EndProject
Global
	GlobalSection(SolutionConfigurationPlatforms) = preSolution
		Debug|Win32 = Debug|Win32
		Release|Win32 = Release|Win32
		MinSizeRel|Win32 = MinSizeRel|Win32
		RelWithDebInfo|Win32 = RelWithDebInfo|Win32
	EndGlobalSection
	GlobalSection(ProjectConfigurationPlatforms) = postSolution
		{6FE6C552-DF5A-3ADB-9617-301328C78503}.Debug|Win32.ActiveCfg = Debug|Win32
		{6FE6C552-DF5A-3ADB-9617-301328C78503}.Debug|Win32.Build.0 = Debug|Win32
		{6FE6C552-DF5A-3ADB-9617-301328C78503}.Release|Win32.ActiveCfg = Release|Win32
		{6FE6C552-DF5A-3ADB-9617-301328C78503}.Release|Win32.Build.0 = Release|Win32
		{6FE6C552-DF5A-3ADB-9617-301328C78503}.MinSizeRel|Win32.ActiveCfg = MinSizeRel|Win32
		{6FE6C552-DF5A-3ADB-9617-301328C78503}.MinSizeRel|Win32.Build.0 = MinSizeRel|Win32
		{6FE6C552-DF5A-3ADB-9617-301328C78503}.RelWithDebInfo|Win32.ActiveCfg = RelWithDebInfo|Win32
		{6FE6C552-DF5A-3ADB-9617-301328C78503}.RelWithDebInfo|Win32.Build.0 = RelWithDebInfo|Win32
		{4D629903-E32A-3B56-9CDC-106ABA2EB376}.Debug|Win32.ActiveCfg = Debug|Win32
		{4D629903-E32A-3B56-9CDC-106ABA2EB376}.Debug|Win32.Build.0 = Debug|Win32
		{4D629903-E32A-3B56-9CDC-106ABA2EB376}.Release|Win32.ActiveCfg = Release|Win32
		{4D629903-E32A-3B56-9CDC-106ABA2EB376}.Release|Win32.Build.0 = Release|Win32
		{4D629903-E32A-3B56-9CDC-106ABA2EB376}.MinSizeRel|Win32.ActiveCfg = MinSizeRel|Win32
		{4D629903-E32A-3B56-9CDC-106ABA2EB376}.MinSizeRel|Win32.Build.0 = MinSizeRel|Win32
		{4D629903-E32A-3B56-9CDC-106ABA2EB376}.RelWithDebInfo|Win32.ActiveCfg = RelWithDebInfo|Win32
		{4D629903-E32A-3B56-9CDC-106ABA2EB376}.RelWithDebInfo|Win32.Build.0 = RelWithDebInfo|Win32
		{68236175-E316-3988-9D9F-BE436B7EB4F6}.Debug|Win32.ActiveCfg = Debug|Win32
		{68236175-E316-3988-9D9F-BE436B7EB4F6}.Debug|Win32.Build.0 = Debug|Win32
		{68236175-E316-3988-9D9F-BE436B7EB4F6}.Release|Win32.ActiveCfg = Release|Win32
		{68236175-E316-3988-9D9F-BE436B7EB4F6}.Release|Win32.Build.0 = Release|Win32
		{68236175-E316-3988-9D9F-BE436B7EB4F6}.MinSizeRel|Win32.ActiveCfg = MinSizeRel|Win32
		{68236175-E316-3988-9D9F-BE436B7EB4F6}.MinSizeRel|Win32.Build.0 = MinSizeRel|Win32
		{68236175-E316-3988-9D9F-BE436B7EB4F6}.RelWithDebInfo|Win32.ActiveCfg = RelWithDebInfo|Win32
		{68236175-E316-3988-9D9F-BE436B7EB4F6}.RelWithDebInfo|Win32.Build.0 = RelWithDebInfo|Win32
		{E8005D64-793B-3276-9A73-42A8D6CF0204}.Debug|Win32.ActiveCfg = Debug|Win32
		{E8005D64-793B-3276-9A73-42A8D6CF0204}.Debug|Win32.Build.0 = Debug|Win32
		{E8005D64-793B-3276-9A73-42A8D6CF0204}.Release|Win32.ActiveCfg = Release|Win32
		{E8005D64-793B-3276-9A73-42A8D6CF0204}.Release|Win32.Build.0 = Release|Win32
		{E8005D64-793B-3276-9A73-42A8D6CF0204}.MinSizeRel|Win32.ActiveCfg = MinSizeRel|Win32
		{E8005D64-793B-3276-9A73-42A8D6CF0204}.MinSizeRel|Win32.Build.0 = MinSizeRel|Win32
		{E8005D64-793B-3276-9A73-42A8D6CF0204}.RelWithDebInfo|Win32.ActiveCfg = RelWithDebInfo|Win32
		{E8005D64-793B-3276-9A73-42A8D6CF0204}.RelWithDebInfo|Win32.Build.0 = RelWithDebInfo|Win32
		{6460AEB5-A260-348E-B1BB-40BF7BDCAACC}.Debug|Win32.ActiveCfg = Debug|Win32
		{6460AEB5-A260-348E-B1BB-40BF7BDCAACC}.Debug|Win32.Build.0 = Debug|Win32
		{6460AEB5-A260-348E-B1BB-40BF7BDCAACC}.Release|Win32.ActiveCfg = Release|Win32
		{6460AEB5-A260-348E-B1BB-40BF7BDCAACC}.Release|Win32.Build.0 = Release|Win32
		{6460AEB5-A260-348E-B1BB-40BF7BDCAACC}.MinSizeRel|Win32.ActiveCfg = MinSizeRel|Win32
		{6460AEB5-A260-348E-B1BB-40BF7BDCAACC}.MinSizeRel|Win32.Build.0 = MinSizeRel|Win32
		{6460AEB5-A260-348E-B1BB-40BF7BDCAACC}.RelWithDebInfo|Win32.ActiveCfg = RelWithDebInfo|Win32
		{6460AEB5-A260-348E-B1BB-40BF7BDCAACC}.RelWithDebInfo|Win32.Build.0 = RelWithDebInfo|Win32
		{649A14D8-5300-398D-91E1-DD17FC5ED987}.Debug|Win32.ActiveCfg = Debug|Win32
		{649A14D8-5300-398D-91E1-DD17FC5ED987}.Debug|Win32.Build.0 = Debug|Win32
		{649A14D8-5300-398D-91E1-DD17FC5ED987}.Release|Win32.ActiveCfg = Release|Win32
		{649A14D8-5300-398D-91E1-DD17FC5ED987}.Release|Win32.Build.0 = Release|Win32
		{649A14D8-5300-398D-91E1-DD17FC5ED987}.MinSizeRel|Win32.ActiveCfg = MinSizeRel|Win32
		{649A14D8-5300-398D-91E1-DD17FC5ED987}.MinSizeRel|Win32.Build.0 = MinSizeRel|Win32
		{649A14D8-5300-398D-91E1-DD17FC5ED987}.RelWithDebInfo|Win32.ActiveCfg = RelWithDebInfo|Win32
		{649A14D8-5300-398D-91E1-DD17FC5ED987}.RelWithDebInfo|Win32.Build.0 = RelWithDebInfo|Win32
		{D5AD90E5-DCBB-3FF9-8C2D-24FD4DD12872}.Debug|Win32.ActiveCfg = Debug|Win32
		{D5AD90E5-DCBB-3FF9-8C2D-24FD4DD12872}.Debug|Win32.Build.0 = Debug|Win32
		{D5AD90E5-DCBB-3FF9-8C2D-24FD4DD12872}.Release|Win32.ActiveCfg = Release|Win32
		{D5AD90E5-DCBB-3FF9-8C2D-24FD4DD12872}.Release|Win32.Build.0 = Release|Win32
		{D5AD90E5-DCBB-3FF9-8C2D-24FD4DD12872}.MinSizeRel|Win32.ActiveCfg = MinSizeRel|Win32
		{D5AD90E5-DCBB-3FF9-8C2D-24FD4DD12872}.MinSizeRel|Win32.Build.0 = MinSizeRel|Win32
		{D5AD90E5-DCBB-3FF9-8C2D-24FD4DD12872}.RelWithDebInfo|Win32.ActiveCfg = RelWithDebInfo|Win32
		{D5AD90E5-DCBB-3FF9-8C2D-24FD4DD12872}.RelWithDebInfo|Win32.Build.0 = RelWithDebInfo|Win32
		{1CDF19E0-B43D-377B-A0C4-548902056A74}.Debug|Win32.ActiveCfg = Debug|Win32
		{1CDF19E0-B43D-377B-A0C4-548902056A74}.Debug|Win32.Build.0 = Debug|Win32
		{1CDF19E0-B43D-377B-A0C4-548902056A74}.Release|Win32.ActiveCfg = Release|Win32
		{1CDF19E0-B43D-377B-A0C4-548902056A74}.Release|Win32.Build.0 = Release|Win32
		{1CDF19E0-B43D-377B-A0C4-548902056A74}.MinSizeRel|Win32.ActiveCfg = MinSizeRel|Win32
		{1CDF19E0-B43D-377B-A0C4-548902056A74}.MinSizeRel|Win32.Build.0 = MinSizeRel|Win32
		{1CDF19E0-B43D-377B-A0C4-548902056A74}.RelWithDebInfo|Win32.ActiveCfg = RelWithDebInfo|Win32
		{1CDF19E0-B43D-377B-A0C4-548902056A74}.RelWithDebInfo|Win32.Build.0 = RelWithDebInfo|Win32
		{766E4BC9-67CE-382D-8C16-2160E30187C8}.Debug|Win32.ActiveCfg = Debug|Win32
		{766E4BC9-67CE-382D-8C16-2160E30187C8}.Debug|Win32.Build.0 = Debug|Win32
		{766E4BC9-67CE-382D-8C16-2160E30187C8}.Release|Win32.ActiveCfg = Release|Win32
		{766E4BC9-67CE-382D-8C16-2160E30187C8}.Release|Win32.Build.0 = Release|Win32
		{766E4BC9-67CE-382D-8C16-2160E30187C8}.MinSizeRel|Win32.ActiveCfg = MinSizeRel|Win32
		{766E4BC9-67CE-382D-8C16-2160E30187C8}.MinSizeRel|Win32.Build.0 = MinSizeRel|Win32
		{766E4BC9-67CE-382D-8C16-2160E30187C8}.RelWithDebInfo|Win32.ActiveCfg = RelWithDebInfo|Win32
		{766E4BC9-67CE-382D-8C16-2160E30187C8}.RelWithDebInfo|Win32.Build.0 = RelWithDebInfo|Win32
		{9A25E4FE-6759-3008-90F7-3AB74A42D0F5}.Debug|Win32.ActiveCfg = Debug|Win32
		{9A25E4FE-6759-3008-90F7-3AB74A42D0F5}.Debug|Win32.Build.0 = Debug|Win32
		{9A25E4FE-6759-3008-90F7-3AB74A42D0F5}.Release|Win32.ActiveCfg = Release|Win32
		{9A25E4FE-6759-3008-90F7-3AB74A42D0F5}.Release|Win32.Build.0 = Release|Win32
		{9A25E4FE-6759-3008-90F7-3AB74A42D0F5}.MinSizeRel|Win32.ActiveCfg = MinSizeRel|Win32
		{9A25E4FE-6759-3008-90F7-3AB74A42D0F5}.MinSizeRel|Win32.Build.0 = MinSizeRel|Win32
		{9A25E4FE-6759-3008-90F7-3AB74A42D0F5}.RelWithDebInfo|Win32.ActiveCfg = RelWithDebInfo|Win32
		{9A25E4FE-6759-3008-90F7-3AB74A42D0F5}.RelWithDebInfo|Win32.Build.0 = RelWithDebInfo|Win32
		{FF4793CD-DCB2-3AF4-BC9D-3DD2E5FC1AB1}.Debug|Win32.ActiveCfg = Debug|Win32
		{FF4793CD-DCB2-3AF4-BC9D-3DD2E5FC1AB1}.Debug|Win32.Build.0 = Debug|Win32
		{FF4793CD-DCB2-3AF4-BC9D-3DD2E5FC1AB1}.Release|Win32.ActiveCfg = Release|Win32
		{FF4793CD-DCB2-3AF4-BC9D-3DD2E5FC1AB1}.Release|Win32.Build.0 = Release|Win32
		{FF4793CD-DCB2-3AF4-BC9D-3DD2E5FC1AB1}.MinSizeRel|Win32.ActiveCfg = MinSizeRel|Win32
		{FF4793CD-DCB2-3AF4-BC9D-3DD2E5FC1AB1}.MinSizeRel|Win32.Build.0 = MinSizeRel|Win32
		{FF4793CD-DCB2-3AF4-BC9D-3DD2E5FC1AB1}.RelWithDebInfo|Win32.ActiveCfg = RelWithDebInfo|Win32
		{FF4793CD-DCB2-3AF4-BC9D-3DD2E5FC1AB1}.RelWithDebInfo|Win32.Build.0 = RelWithDebInfo|Win32
		{13489E13-6B63-3581-B0E2-870D4DBD6513}.Debug|Win32.ActiveCfg = Debug|Win32
		{13489E13-6B63-3581-B0E2-870D4DBD6513}.Debug|Win32.Build.0 = Debug|Win32
		{13489E13-6B63-3581-B0E2-870D4DBD6513}.Release|Win32.ActiveCfg = Release|Win32
		{13489E13-6B63-3581-B0E2-870D4DBD6513}.Release|Win32.Build.0 = Release|Win32
		{13489E13-6B63-3581-B0E2-870D4DBD6513}.MinSizeRel|Win32.ActiveCfg = MinSizeRel|Win32
		{13489E13-6B63-3581-B0E2-870D4DBD6513}.MinSizeRel|Win32.Build.0 = MinSizeRel|Win32
		{13489E13-6B63-3581-B0E2-870D4DBD6513}.RelWithDebInfo|Win32.ActiveCfg = RelWithDebInfo|Win32
		{13489E13-6B63-3581-B0E2-870D4DBD6513}.RelWithDebInfo|Win32.Build.0 = RelWithDebInfo|Win32
		{B46BA6F7-91D4-37FE-B722-86DCB5B2D128}.Debug|Win32.ActiveCfg = Debug|Win32
		{B46BA6F7-91D4-37FE-B722-86DCB5B2D128}.Debug|Win32.Build.0 = Debug|Win32
		{B46BA6F7-91D4-37FE-B722-86DCB5B2D128}.Release|Win32.ActiveCfg = Release|Win32
		{B46BA6F7-91D4-37FE-B722-86DCB5B2D128}.Release|Win32.Build.0 = Release|Win32
		{B46BA6F7-91D4-37FE-B722-86DCB5B2D128}.MinSizeRel|Win32.ActiveCfg = MinSizeRel|Win32
		{B46BA6F7-91D4-37FE-B722-86DCB5B2D128}.MinSizeRel|Win32.Build.0 = MinSizeRel|Win32
		{B46BA6F7-91D4-37FE-B722-86DCB5B2D128}.RelWithDebInfo|Win32.ActiveCfg = RelWithDebInfo|Win32
		{B46BA6F7-91D4-37FE-B722-86DCB5B2D128}.RelWithDebInfo|Win32.Build.0 = RelWithDebInfo|Win32
		{8F58DEFA-486F-3339-9B5C-E43924F593C6}.Debug|Win32.ActiveCfg = Debug|Win32
		{8F58DEFA-486F-3339-9B5C-E43924F593C6}.Debug|Win32.Build.0 = Debug|Win32
		{8F58DEFA-486F-3339-9B5C-E43924F593C6}.Release|Win32.ActiveCfg = Release|Win32
		{8F58DEFA-486F-3339-9B5C-E43924F593C6}.Release|Win32.Build.0 = Release|Win32
		{8F58DEFA-486F-3339-9B5C-E43924F593C6}.MinSizeRel|Win32.ActiveCfg = MinSizeRel|Win32
		{8F58DEFA-486F-3339-9B5C-E43924F593C6}.MinSizeRel|Win32.Build.0 = MinSizeRel|Win32
		{8F58DEFA-486F-3339-9B5C-E43924F593C6}.RelWithDebInfo|Win32.ActiveCfg = RelWithDebInfo|Win32
		{8F58DEFA-486F-3339-9B5C-E43924F593C6}.RelWithDebInfo|Win32.Build.0 = RelWithDebInfo|Win32
		{CFBD98A8-3CD3-3576-B4B7-0D64B3AC61BF}.Debug|Win32.ActiveCfg = Debug|Win32
		{CFBD98A8-3CD3-3576-B4B7-0D64B3AC61BF}.Debug|Win32.Build.0 = Debug|Win32
		{CFBD98A8-3CD3-3576-B4B7-0D64B3AC61BF}.Release|Win32.ActiveCfg = Release|Win32
		{CFBD98A8-3CD3-3576-B4B7-0D64B3AC61BF}.Release|Win32.Build.0 = Release|Win32
		{CFBD98A8-3CD3-3576-B4B7-0D64B3AC61BF}.MinSizeRel|Win32.ActiveCfg = MinSizeRel|Win32
		{CFBD98A8-3CD3-3576-B4B7-0D64B3AC61BF}.MinSizeRel|Win32.Build.0 = MinSizeRel|Win32
		{CFBD98A8-3CD3-3576-B4B7-0D64B3AC61BF}.RelWithDebInfo|Win32.ActiveCfg = RelWithDebInfo|Win32
		{CFBD98A8-3CD3-3576-B4B7-0D64B3AC61BF}.RelWithDebInfo|Win32.Build.0 = RelWithDebInfo|Win32
		{B931F18D-E787-345C-9950-33E5D501C564}.Debug|Win32.ActiveCfg = Debug|Win32
		{B931F18D-E787-345C-9950-33E5D501C564}.Debug|Win32.Build.0 = Debug|Win32
		{B931F18D-E787-345C-9950-33E5D501C564}.Release|Win32.ActiveCfg = Release|Win32
		{B931F18D-E787-345C-9950-33E5D501C564}.Release|Win32.Build.0 = Release|Win32
		{B931F18D-E787-345C-9950-33E5D501C564}.MinSizeRel|Win32.ActiveCfg = MinSizeRel|Win32
		{B931F18D-E787-345C-9950-33E5D501C564}.MinSizeRel|Win32.Build.0 = MinSizeRel|Win32
		{B931F18D-E787-345C-9950-33E5D501C564}.RelWithDebInfo|Win32.ActiveCfg = RelWithDebInfo|Win32
		{B931F18D-E787-345C-9950-33E5D501C564}.RelWithDebInfo|Win32.Build.0 = RelWithDebInfo|Win32
		{433D22F0-F73A-34EF-885A-2342B8EF8D0B}.Debug|Win32.ActiveCfg = Debug|Win32
		{433D22F0-F73A-34EF-885A-2342B8EF8D0B}.Debug|Win32.Build.0 = Debug|Win32
		{433D22F0-F73A-34EF-885A-2342B8EF8D0B}.Release|Win32.ActiveCfg = Release|Win32
		{433D22F0-F73A-34EF-885A-2342B8EF8D0B}.Release|Win32.Build.0 = Release|Win32
		{433D22F0-F73A-34EF-885A-2342B8EF8D0B}.MinSizeRel|Win32.ActiveCfg = MinSizeRel|Win32
		{433D22F0-F73A-34EF-885A-2342B8EF8D0B}.MinSizeRel|Win32.Build.0 = MinSizeRel|Win32
		{433D22F0-F73A-34EF-885A-2342B8EF8D0B}.RelWithDebInfo|Win32.ActiveCfg = RelWithDebInfo|Win32
		{433D22F0-F73A-34EF-885A-2342B8EF8D0B}.RelWithDebInfo|Win32.Build.0 = RelWithDebInfo|Win32
		{4390738E-8F42-3127-B816-F20ECA8F386A}.Debug|Win32.ActiveCfg = Debug|Win32
		{4390738E-8F42-3127-B816-F20ECA8F386A}.Debug|Win32.Build.0 = Debug|Win32
		{4390738E-8F42-3127-B816-F20ECA8F386A}.Release|Win32.ActiveCfg = Release|Win32
		{4390738E-8F42-3127-B816-F20ECA8F386A}.Release|Win32.Build.0 = Release|Win32
		{4390738E-8F42-3127-B816-F20ECA8F386A}.MinSizeRel|Win32.ActiveCfg = MinSizeRel|Win32
		{4390738E-8F42-3127-B816-F20ECA8F386A}.MinSizeRel|Win32.Build.0 = MinSizeRel|Win32
		{4390738E-8F42-3127-B816-F20ECA8F386A}.RelWithDebInfo|Win32.ActiveCfg = RelWithDebInfo|Win32
		{4390738E-8F42-3127-B816-F20ECA8F386A}.RelWithDebInfo|Win32.Build.0 = RelWithDebInfo|Win32
		{D4862E96-D3E3-3C19-B65A-93FDF4F736D6}.Debug|Win32.ActiveCfg = Debug|Win32
		{D4862E96-D3E3-3C19-B65A-93FDF4F736D6}.Debug|Win32.Build.0 = Debug|Win32
		{D4862E96-D3E3-3C19-B65A-93FDF4F736D6}.Release|Win32.ActiveCfg = Release|Win32
		{D4862E96-D3E3-3C19-B65A-93FDF4F736D6}.Release|Win32.Build.0 = Release|Win32
		{D4862E96-D3E3-3C19-B65A-93FDF4F736D6}.MinSizeRel|Win32.ActiveCfg = MinSizeRel|Win32
		{D4862E96-D3E3-3C19-B65A-93FDF4F736D6}.MinSizeRel|Win32.Build.0 = MinSizeRel|Win32
		{D4862E96-D3E3-3C19-B65A-93FDF4F736D6}.RelWithDebInfo|Win32.ActiveCfg = RelWithDebInfo|Win32
		{D4862E96-D3E3-3C19-B65A-93FDF4F736D6}.RelWithDebInfo|Win32.Build.0 = RelWithDebInfo|Win32
		{94FF885A-E2A0-3E85-86B1-260B60232183}.Debug|Win32.ActiveCfg = Debug|Win32
		{94FF885A-E2A0-3E85-86B1-260B60232183}.Debug|Win32.Build.0 = Debug|Win32
		{94FF885A-E2A0-3E85-86B1-260B60232183}.Release|Win32.ActiveCfg = Release|Win32
		{94FF885A-E2A0-3E85-86B1-260B60232183}.Release|Win32.Build.0 = Release|Win32
		{94FF885A-E2A0-3E85-86B1-260B60232183}.MinSizeRel|Win32.ActiveCfg = MinSizeRel|Win32
		{94FF885A-E2A0-3E85-86B1-260B60232183}.MinSizeRel|Win32.Build.0 = MinSizeRel|Win32
		{94FF885A-E2A0-3E85-86B1-260B60232183}.RelWithDebInfo|Win32.ActiveCfg = RelWithDebInfo|Win32
		{94FF885A-E2A0-3E85-86B1-260B60232183}.RelWithDebInfo|Win32.Build.0 = RelWithDebInfo|Win32
		{0070C062-3304-397C-B400-775AB1EED1B1}.Debug|Win32.ActiveCfg = Debug|Win32
		{0070C062-3304-397C-B400-775AB1EED1B1}.Debug|Win32.Build.0 = Debug|Win32
		{0070C062-3304-397C-B400-775AB1EED1B1}.Release|Win32.ActiveCfg = Release|Win32
		{0070C062-3304-397C-B400-775AB1EED1B1}.Release|Win32.Build.0 = Release|Win32
		{0070C062-3304-397C-B400-775AB1EED1B1}.MinSizeRel|Win32.ActiveCfg = MinSizeRel|Win32
		{0070C062-3304-397C-B400-775AB1EED1B1}.MinSizeRel|Win32.Build.0 = MinSizeRel|Win32
		{0070C062-3304-397C-B400-775AB1EED1B1}.RelWithDebInfo|Win32.ActiveCfg = RelWithDebInfo|Win32
		{0070C062-3304-397C-B400-775AB1EED1B1}.RelWithDebInfo|Win32.Build.0 = RelWithDebInfo|Win32
		{FC69A267-35DD-3BBD-A137-AF354F79EDF0}.Debug|Win32.ActiveCfg = Debug|Win32
		{FC69A267-35DD-3BBD-A137-AF354F79EDF0}.Debug|Win32.Build.0 = Debug|Win32
		{FC69A267-35DD-3BBD-A137-AF354F79EDF0}.Release|Win32.ActiveCfg = Release|Win32
		{FC69A267-35DD-3BBD-A137-AF354F79EDF0}.Release|Win32.Build.0 = Release|Win32
		{FC69A267-35DD-3BBD-A137-AF354F79EDF0}.MinSizeRel|Win32.ActiveCfg = MinSizeRel|Win32
		{FC69A267-35DD-3BBD-A137-AF354F79EDF0}.MinSizeRel|Win32.Build.0 = MinSizeRel|Win32
		{FC69A267-35DD-3BBD-A137-AF354F79EDF0}.RelWithDebInfo|Win32.ActiveCfg = RelWithDebInfo|Win32
		{FC69A267-35DD-3BBD-A137-AF354F79EDF0}.RelWithDebInfo|Win32.Build.0 = RelWithDebInfo|Win32
		{7755329B-1BEC-3ED9-A0C9-36E5958B12F3}.Debug|Win32.ActiveCfg = Debug|Win32
		{7755329B-1BEC-3ED9-A0C9-36E5958B12F3}.Debug|Win32.Build.0 = Debug|Win32
		{7755329B-1BEC-3ED9-A0C9-36E5958B12F3}.Release|Win32.ActiveCfg = Release|Win32
		{7755329B-1BEC-3ED9-A0C9-36E5958B12F3}.Release|Win32.Build.0 = Release|Win32
		{7755329B-1BEC-3ED9-A0C9-36E5958B12F3}.MinSizeRel|Win32.ActiveCfg = MinSizeRel|Win32
		{7755329B-1BEC-3ED9-A0C9-36E5958B12F3}.MinSizeRel|Win32.Build.0 = MinSizeRel|Win32
		{7755329B-1BEC-3ED9-A0C9-36E5958B12F3}.RelWithDebInfo|Win32.ActiveCfg = RelWithDebInfo|Win32
		{7755329B-1BEC-3ED9-A0C9-36E5958B12F3}.RelWithDebInfo|Win32.Build.0 = RelWithDebInfo|Win32
		{9ADFA79F-0D37-3E77-A9EE-CD6499FFF8A3}.Debug|Win32.ActiveCfg = Debug|Win32
		{9ADFA79F-0D37-3E77-A9EE-CD6499FFF8A3}.Debug|Win32.Build.0 = Debug|Win32
		{9ADFA79F-0D37-3E77-A9EE-CD6499FFF8A3}.Release|Win32.ActiveCfg = Release|Win32
		{9ADFA79F-0D37-3E77-A9EE-CD6499FFF8A3}.Release|Win32.Build.0 = Release|Win32
		{9ADFA79F-0D37-3E77-A9EE-CD6499FFF8A3}.MinSizeRel|Win32.ActiveCfg = MinSizeRel|Win32
		{9ADFA79F-0D37-3E77-A9EE-CD6499FFF8A3}.MinSizeRel|Win32.Build.0 = MinSizeRel|Win32
		{9ADFA79F-0D37-3E77-A9EE-CD6499FFF8A3}.RelWithDebInfo|Win32.ActiveCfg = RelWithDebInfo|Win32
		{9ADFA79F-0D37-3E77-A9EE-CD6499FFF8A3}.RelWithDebInfo|Win32.Build.0 = RelWithDebInfo|Win32
		{0741EDFA-D187-3D6F-BD9B-6D7D2EDB7997}.Debug|Win32.ActiveCfg = Debug|Win32
		{0741EDFA-D187-3D6F-BD9B-6D7D2EDB7997}.Debug|Win32.Build.0 = Debug|Win32
		{0741EDFA-D187-3D6F-BD9B-6D7D2EDB7997}.Release|Win32.ActiveCfg = Release|Win32
		{0741EDFA-D187-3D6F-BD9B-6D7D2EDB7997}.Release|Win32.Build.0 = Release|Win32
		{0741EDFA-D187-3D6F-BD9B-6D7D2EDB7997}.MinSizeRel|Win32.ActiveCfg = MinSizeRel|Win32
		{0741EDFA-D187-3D6F-BD9B-6D7D2EDB7997}.MinSizeRel|Win32.Build.0 = MinSizeRel|Win32
		{0741EDFA-D187-3D6F-BD9B-6D7D2EDB7997}.RelWithDebInfo|Win32.ActiveCfg = RelWithDebInfo|Win32
		{0741EDFA-D187-3D6F-BD9B-6D7D2EDB7997}.RelWithDebInfo|Win32.Build.0 = RelWithDebInfo|Win32
		{E934A9BA-3EB1-322C-9270-3529259D8C9B}.Debug|Win32.ActiveCfg = Debug|Win32
		{E934A9BA-3EB1-322C-9270-3529259D8C9B}.Debug|Win32.Build.0 = Debug|Win32
		{E934A9BA-3EB1-322C-9270-3529259D8C9B}.Release|Win32.ActiveCfg = Release|Win32
		{E934A9BA-3EB1-322C-9270-3529259D8C9B}.Release|Win32.Build.0 = Release|Win32
		{E934A9BA-3EB1-322C-9270-3529259D8C9B}.MinSizeRel|Win32.ActiveCfg = MinSizeRel|Win32
		{E934A9BA-3EB1-322C-9270-3529259D8C9B}.MinSizeRel|Win32.Build.0 = MinSizeRel|Win32
		{E934A9BA-3EB1-322C-9270-3529259D8C9B}.RelWithDebInfo|Win32.ActiveCfg = RelWithDebInfo|Win32
		{E934A9BA-3EB1-322C-9270-3529259D8C9B}.RelWithDebInfo|Win32.Build.0 = RelWithDebInfo|Win32
		{FC5D1AFE-60B3-3D4C-8DBA-E390FCFA7314}.Debug|Win32.ActiveCfg = Debug|Win32
		{FC5D1AFE-60B3-3D4C-8DBA-E390FCFA7314}.Debug|Win32.Build.0 = Debug|Win32
		{FC5D1AFE-60B3-3D4C-8DBA-E390FCFA7314}.Release|Win32.ActiveCfg = Release|Win32
		{FC5D1AFE-60B3-3D4C-8DBA-E390FCFA7314}.Release|Win32.Build.0 = Release|Win32
		{FC5D1AFE-60B3-3D4C-8DBA-E390FCFA7314}.MinSizeRel|Win32.ActiveCfg = MinSizeRel|Win32
		{FC5D1AFE-60B3-3D4C-8DBA-E390FCFA7314}.MinSizeRel|Win32.Build.0 = MinSizeRel|Win32
		{FC5D1AFE-60B3-3D4C-8DBA-E390FCFA7314}.RelWithDebInfo|Win32.ActiveCfg = RelWithDebInfo|Win32
		{FC5D1AFE-60B3-3D4C-8DBA-E390FCFA7314}.RelWithDebInfo|Win32.Build.0 = RelWithDebInfo|Win32
		{5EC0B64F-C01E-3E77-B1D5-3C43E114D77E}.Debug|Win32.ActiveCfg = Debug|Win32
		{5EC0B64F-C01E-3E77-B1D5-3C43E114D77E}.Debug|Win32.Build.0 = Debug|Win32
		{5EC0B64F-C01E-3E77-B1D5-3C43E114D77E}.Release|Win32.ActiveCfg = Release|Win32
		{5EC0B64F-C01E-3E77-B1D5-3C43E114D77E}.Release|Win32.Build.0 = Release|Win32
		{5EC0B64F-C01E-3E77-B1D5-3C43E114D77E}.MinSizeRel|Win32.ActiveCfg = MinSizeRel|Win32
		{5EC0B64F-C01E-3E77-B1D5-3C43E114D77E}.MinSizeRel|Win32.Build.0 = MinSizeRel|Win32
		{5EC0B64F-C01E-3E77-B1D5-3C43E114D77E}.RelWithDebInfo|Win32.ActiveCfg = RelWithDebInfo|Win32
		{5EC0B64F-C01E-3E77-B1D5-3C43E114D77E}.RelWithDebInfo|Win32.Build.0 = RelWithDebInfo|Win32
		{0F76468A-D4A6-305B-9CB2-3314ABE689C2}.Debug|Win32.ActiveCfg = Debug|Win32
		{0F76468A-D4A6-305B-9CB2-3314ABE689C2}.Debug|Win32.Build.0 = Debug|Win32
		{0F76468A-D4A6-305B-9CB2-3314ABE689C2}.Release|Win32.ActiveCfg = Release|Win32
		{0F76468A-D4A6-305B-9CB2-3314ABE689C2}.Release|Win32.Build.0 = Release|Win32
		{0F76468A-D4A6-305B-9CB2-3314ABE689C2}.MinSizeRel|Win32.ActiveCfg = MinSizeRel|Win32
		{0F76468A-D4A6-305B-9CB2-3314ABE689C2}.MinSizeRel|Win32.Build.0 = MinSizeRel|Win32
		{0F76468A-D4A6-305B-9CB2-3314ABE689C2}.RelWithDebInfo|Win32.ActiveCfg = RelWithDebInfo|Win32
		{0F76468A-D4A6-305B-9CB2-3314ABE689C2}.RelWithDebInfo|Win32.Build.0 = RelWithDebInfo|Win32
		{22463A6E-58E2-3DEE-A6E7-14853D7C2206}.Debug|Win32.ActiveCfg = Debug|Win32
		{22463A6E-58E2-3DEE-A6E7-14853D7C2206}.Debug|Win32.Build.0 = Debug|Win32
		{22463A6E-58E2-3DEE-A6E7-14853D7C2206}.Release|Win32.ActiveCfg = Release|Win32
		{22463A6E-58E2-3DEE-A6E7-14853D7C2206}.Release|Win32.Build.0 = Release|Win32
		{22463A6E-58E2-3DEE-A6E7-14853D7C2206}.MinSizeRel|Win32.ActiveCfg = MinSizeRel|Win32
		{22463A6E-58E2-3DEE-A6E7-14853D7C2206}.MinSizeRel|Win32.Build.0 = MinSizeRel|Win32
		{22463A6E-58E2-3DEE-A6E7-14853D7C2206}.RelWithDebInfo|Win32.ActiveCfg = RelWithDebInfo|Win32
		{22463A6E-58E2-3DEE-A6E7-14853D7C2206}.RelWithDebInfo|Win32.Build.0 = RelWithDebInfo|Win32
		{BC90E43D-5850-3D7C-B48C-F3F765023963}.Debug|Win32.ActiveCfg = Debug|Win32
		{BC90E43D-5850-3D7C-B48C-F3F765023963}.Debug|Win32.Build.0 = Debug|Win32
		{BC90E43D-5850-3D7C-B48C-F3F765023963}.Release|Win32.ActiveCfg = Release|Win32
		{BC90E43D-5850-3D7C-B48C-F3F765023963}.Release|Win32.Build.0 = Release|Win32
		{BC90E43D-5850-3D7C-B48C-F3F765023963}.MinSizeRel|Win32.ActiveCfg = MinSizeRel|Win32
		{BC90E43D-5850-3D7C-B48C-F3F765023963}.MinSizeRel|Win32.Build.0 = MinSizeRel|Win32
		{BC90E43D-5850-3D7C-B48C-F3F765023963}.RelWithDebInfo|Win32.ActiveCfg = RelWithDebInfo|Win32
		{BC90E43D-5850-3D7C-B48C-F3F765023963}.RelWithDebInfo|Win32.Build.0 = RelWithDebInfo|Win32
		{1DEEFF98-8AB2-3147-88F0-1B1807A55279}.Debug|Win32.ActiveCfg = Debug|Win32
		{1DEEFF98-8AB2-3147-88F0-1B1807A55279}.Debug|Win32.Build.0 = Debug|Win32
		{1DEEFF98-8AB2-3147-88F0-1B1807A55279}.Release|Win32.ActiveCfg = Release|Win32
		{1DEEFF98-8AB2-3147-88F0-1B1807A55279}.Release|Win32.Build.0 = Release|Win32
		{1DEEFF98-8AB2-3147-88F0-1B1807A55279}.MinSizeRel|Win32.ActiveCfg = MinSizeRel|Win32
		{1DEEFF98-8AB2-3147-88F0-1B1807A55279}.MinSizeRel|Win32.Build.0 = MinSizeRel|Win32
		{1DEEFF98-8AB2-3147-88F0-1B1807A55279}.RelWithDebInfo|Win32.ActiveCfg = RelWithDebInfo|Win32
		{1DEEFF98-8AB2-3147-88F0-1B1807A55279}.RelWithDebInfo|Win32.Build.0 = RelWithDebInfo|Win32
		{A20667E8-8DE2-3768-86B6-2D11768920F9}.Debug|Win32.ActiveCfg = Debug|Win32
		{A20667E8-8DE2-3768-86B6-2D11768920F9}.Release|Win32.ActiveCfg = Release|Win32
		{A20667E8-8DE2-3768-86B6-2D11768920F9}.MinSizeRel|Win32.ActiveCfg = MinSizeRel|Win32
		{A20667E8-8DE2-3768-86B6-2D11768920F9}.RelWithDebInfo|Win32.ActiveCfg = RelWithDebInfo|Win32
		{72F280F6-8BF1-3E4A-8E42-9E833ECE6E79}.Debug|Win32.ActiveCfg = Debug|Win32
		{72F280F6-8BF1-3E4A-8E42-9E833ECE6E79}.Debug|Win32.Build.0 = Debug|Win32
		{72F280F6-8BF1-3E4A-8E42-9E833ECE6E79}.Release|Win32.ActiveCfg = Release|Win32
		{72F280F6-8BF1-3E4A-8E42-9E833ECE6E79}.Release|Win32.Build.0 = Release|Win32
		{72F280F6-8BF1-3E4A-8E42-9E833ECE6E79}.MinSizeRel|Win32.ActiveCfg = MinSizeRel|Win32
		{72F280F6-8BF1-3E4A-8E42-9E833ECE6E79}.MinSizeRel|Win32.Build.0 = MinSizeRel|Win32
		{72F280F6-8BF1-3E4A-8E42-9E833ECE6E79}.RelWithDebInfo|Win32.ActiveCfg = RelWithDebInfo|Win32
		{72F280F6-8BF1-3E4A-8E42-9E833ECE6E79}.RelWithDebInfo|Win32.Build.0 = RelWithDebInfo|Win32
		{CB72A7B6-2480-3470-A516-28E3AAD550A3}.Debug|Win32.ActiveCfg = Debug|Win32
		{CB72A7B6-2480-3470-A516-28E3AAD550A3}.Debug|Win32.Build.0 = Debug|Win32
		{CB72A7B6-2480-3470-A516-28E3AAD550A3}.Release|Win32.ActiveCfg = Release|Win32
		{CB72A7B6-2480-3470-A516-28E3AAD550A3}.Release|Win32.Build.0 = Release|Win32
		{CB72A7B6-2480-3470-A516-28E3AAD550A3}.MinSizeRel|Win32.ActiveCfg = MinSizeRel|Win32
		{CB72A7B6-2480-3470-A516-28E3AAD550A3}.MinSizeRel|Win32.Build.0 = MinSizeRel|Win32
		{CB72A7B6-2480-3470-A516-28E3AAD550A3}.RelWithDebInfo|Win32.ActiveCfg = RelWithDebInfo|Win32
		{CB72A7B6-2480-3470-A516-28E3AAD550A3}.RelWithDebInfo|Win32.Build.0 = RelWithDebInfo|Win32
		{02F5E6F2-6179-3F03-85E9-D6243968A27C}.Debug|Win32.ActiveCfg = Debug|Win32
		{02F5E6F2-6179-3F03-85E9-D6243968A27C}.Release|Win32.ActiveCfg = Release|Win32
		{02F5E6F2-6179-3F03-85E9-D6243968A27C}.MinSizeRel|Win32.ActiveCfg = MinSizeRel|Win32
		{02F5E6F2-6179-3F03-85E9-D6243968A27C}.RelWithDebInfo|Win32.ActiveCfg = RelWithDebInfo|Win32
		{9238F39F-DC46-3DF2-89C6-221E4ED38F1A}.Debug|Win32.ActiveCfg = Debug|Win32
		{9238F39F-DC46-3DF2-89C6-221E4ED38F1A}.Debug|Win32.Build.0 = Debug|Win32
		{9238F39F-DC46-3DF2-89C6-221E4ED38F1A}.Release|Win32.ActiveCfg = Release|Win32
		{9238F39F-DC46-3DF2-89C6-221E4ED38F1A}.Release|Win32.Build.0 = Release|Win32
		{9238F39F-DC46-3DF2-89C6-221E4ED38F1A}.MinSizeRel|Win32.ActiveCfg = MinSizeRel|Win32
		{9238F39F-DC46-3DF2-89C6-221E4ED38F1A}.MinSizeRel|Win32.Build.0 = MinSizeRel|Win32
		{9238F39F-DC46-3DF2-89C6-221E4ED38F1A}.RelWithDebInfo|Win32.ActiveCfg = RelWithDebInfo|Win32
		{9238F39F-DC46-3DF2-89C6-221E4ED38F1A}.RelWithDebInfo|Win32.Build.0 = RelWithDebInfo|Win32
		{2B359D4E-C24C-3CFD-957E-1638FC934953}.Debug|Win32.ActiveCfg = Debug|Win32
		{2B359D4E-C24C-3CFD-957E-1638FC934953}.Debug|Win32.Build.0 = Debug|Win32
		{2B359D4E-C24C-3CFD-957E-1638FC934953}.Release|Win32.ActiveCfg = Release|Win32
		{2B359D4E-C24C-3CFD-957E-1638FC934953}.Release|Win32.Build.0 = Release|Win32
		{2B359D4E-C24C-3CFD-957E-1638FC934953}.MinSizeRel|Win32.ActiveCfg = MinSizeRel|Win32
		{2B359D4E-C24C-3CFD-957E-1638FC934953}.MinSizeRel|Win32.Build.0 = MinSizeRel|Win32
		{2B359D4E-C24C-3CFD-957E-1638FC934953}.RelWithDebInfo|Win32.ActiveCfg = RelWithDebInfo|Win32
		{2B359D4E-C24C-3CFD-957E-1638FC934953}.RelWithDebInfo|Win32.Build.0 = RelWithDebInfo|Win32
		{548D83A0-3010-35C8-B3B9-570E22C7953D}.Debug|Win32.ActiveCfg = Debug|Win32
		{548D83A0-3010-35C8-B3B9-570E22C7953D}.Debug|Win32.Build.0 = Debug|Win32
		{548D83A0-3010-35C8-B3B9-570E22C7953D}.Release|Win32.ActiveCfg = Release|Win32
		{548D83A0-3010-35C8-B3B9-570E22C7953D}.Release|Win32.Build.0 = Release|Win32
		{548D83A0-3010-35C8-B3B9-570E22C7953D}.MinSizeRel|Win32.ActiveCfg = MinSizeRel|Win32
		{548D83A0-3010-35C8-B3B9-570E22C7953D}.MinSizeRel|Win32.Build.0 = MinSizeRel|Win32
		{548D83A0-3010-35C8-B3B9-570E22C7953D}.RelWithDebInfo|Win32.ActiveCfg = RelWithDebInfo|Win32
		{548D83A0-3010-35C8-B3B9-570E22C7953D}.RelWithDebInfo|Win32.Build.0 = RelWithDebInfo|Win32
		{B0522872-FE50-31EC-8385-C99C3F739DD0}.Debug|Win32.ActiveCfg = Debug|Win32
		{B0522872-FE50-31EC-8385-C99C3F739DD0}.Debug|Win32.Build.0 = Debug|Win32
		{B0522872-FE50-31EC-8385-C99C3F739DD0}.Release|Win32.ActiveCfg = Release|Win32
		{B0522872-FE50-31EC-8385-C99C3F739DD0}.Release|Win32.Build.0 = Release|Win32
		{B0522872-FE50-31EC-8385-C99C3F739DD0}.MinSizeRel|Win32.ActiveCfg = MinSizeRel|Win32
		{B0522872-FE50-31EC-8385-C99C3F739DD0}.MinSizeRel|Win32.Build.0 = MinSizeRel|Win32
		{B0522872-FE50-31EC-8385-C99C3F739DD0}.RelWithDebInfo|Win32.ActiveCfg = RelWithDebInfo|Win32
		{B0522872-FE50-31EC-8385-C99C3F739DD0}.RelWithDebInfo|Win32.Build.0 = RelWithDebInfo|Win32
		{CC8A223D-17F3-3F14-B7B2-E8062CA77053}.Debug|Win32.ActiveCfg = Debug|Win32
		{CC8A223D-17F3-3F14-B7B2-E8062CA77053}.Debug|Win32.Build.0 = Debug|Win32
		{CC8A223D-17F3-3F14-B7B2-E8062CA77053}.Release|Win32.ActiveCfg = Release|Win32
		{CC8A223D-17F3-3F14-B7B2-E8062CA77053}.Release|Win32.Build.0 = Release|Win32
		{CC8A223D-17F3-3F14-B7B2-E8062CA77053}.MinSizeRel|Win32.ActiveCfg = MinSizeRel|Win32
		{CC8A223D-17F3-3F14-B7B2-E8062CA77053}.MinSizeRel|Win32.Build.0 = MinSizeRel|Win32
		{CC8A223D-17F3-3F14-B7B2-E8062CA77053}.RelWithDebInfo|Win32.ActiveCfg = RelWithDebInfo|Win32
		{CC8A223D-17F3-3F14-B7B2-E8062CA77053}.RelWithDebInfo|Win32.Build.0 = RelWithDebInfo|Win32
		{2E798AB7-8013-3B83-8981-10E7AE102300}.Debug|Win32.ActiveCfg = Debug|Win32
		{2E798AB7-8013-3B83-8981-10E7AE102300}.Debug|Win32.Build.0 = Debug|Win32
		{2E798AB7-8013-3B83-8981-10E7AE102300}.Release|Win32.ActiveCfg = Release|Win32
		{2E798AB7-8013-3B83-8981-10E7AE102300}.Release|Win32.Build.0 = Release|Win32
		{2E798AB7-8013-3B83-8981-10E7AE102300}.MinSizeRel|Win32.ActiveCfg = MinSizeRel|Win32
		{2E798AB7-8013-3B83-8981-10E7AE102300}.MinSizeRel|Win32.Build.0 = MinSizeRel|Win32
		{2E798AB7-8013-3B83-8981-10E7AE102300}.RelWithDebInfo|Win32.ActiveCfg = RelWithDebInfo|Win32
		{2E798AB7-8013-3B83-8981-10E7AE102300}.RelWithDebInfo|Win32.Build.0 = RelWithDebInfo|Win32
		{9D0E3D3C-DAEE-3575-B495-FBC39D1CD4FE}.Debug|Win32.ActiveCfg = Debug|Win32
		{9D0E3D3C-DAEE-3575-B495-FBC39D1CD4FE}.Debug|Win32.Build.0 = Debug|Win32
		{9D0E3D3C-DAEE-3575-B495-FBC39D1CD4FE}.Release|Win32.ActiveCfg = Release|Win32
		{9D0E3D3C-DAEE-3575-B495-FBC39D1CD4FE}.Release|Win32.Build.0 = Release|Win32
		{9D0E3D3C-DAEE-3575-B495-FBC39D1CD4FE}.MinSizeRel|Win32.ActiveCfg = MinSizeRel|Win32
		{9D0E3D3C-DAEE-3575-B495-FBC39D1CD4FE}.MinSizeRel|Win32.Build.0 = MinSizeRel|Win32
		{9D0E3D3C-DAEE-3575-B495-FBC39D1CD4FE}.RelWithDebInfo|Win32.ActiveCfg = RelWithDebInfo|Win32
		{9D0E3D3C-DAEE-3575-B495-FBC39D1CD4FE}.RelWithDebInfo|Win32.Build.0 = RelWithDebInfo|Win32
		{1C5CA1A7-A699-3518-977E-A49E69BE4A49}.Debug|Win32.ActiveCfg = Debug|Win32
		{1C5CA1A7-A699-3518-977E-A49E69BE4A49}.Debug|Win32.Build.0 = Debug|Win32
		{1C5CA1A7-A699-3518-977E-A49E69BE4A49}.Release|Win32.ActiveCfg = Release|Win32
		{1C5CA1A7-A699-3518-977E-A49E69BE4A49}.Release|Win32.Build.0 = Release|Win32
		{1C5CA1A7-A699-3518-977E-A49E69BE4A49}.MinSizeRel|Win32.ActiveCfg = MinSizeRel|Win32
		{1C5CA1A7-A699-3518-977E-A49E69BE4A49}.MinSizeRel|Win32.Build.0 = MinSizeRel|Win32
		{1C5CA1A7-A699-3518-977E-A49E69BE4A49}.RelWithDebInfo|Win32.ActiveCfg = RelWithDebInfo|Win32
		{1C5CA1A7-A699-3518-977E-A49E69BE4A49}.RelWithDebInfo|Win32.Build.0 = RelWithDebInfo|Win32
		{C0F10271-9626-3ABB-981F-B82B7405AB2B}.Debug|Win32.ActiveCfg = Debug|Win32
		{C0F10271-9626-3ABB-981F-B82B7405AB2B}.Debug|Win32.Build.0 = Debug|Win32
		{C0F10271-9626-3ABB-981F-B82B7405AB2B}.Release|Win32.ActiveCfg = Release|Win32
		{C0F10271-9626-3ABB-981F-B82B7405AB2B}.Release|Win32.Build.0 = Release|Win32
		{C0F10271-9626-3ABB-981F-B82B7405AB2B}.MinSizeRel|Win32.ActiveCfg = MinSizeRel|Win32
		{C0F10271-9626-3ABB-981F-B82B7405AB2B}.MinSizeRel|Win32.Build.0 = MinSizeRel|Win32
		{C0F10271-9626-3ABB-981F-B82B7405AB2B}.RelWithDebInfo|Win32.ActiveCfg = RelWithDebInfo|Win32
		{C0F10271-9626-3ABB-981F-B82B7405AB2B}.RelWithDebInfo|Win32.Build.0 = RelWithDebInfo|Win32
		{A94483E2-FAA2-32C0-9A09-5C012824CF02}.Debug|Win32.ActiveCfg = Debug|Win32
		{A94483E2-FAA2-32C0-9A09-5C012824CF02}.Debug|Win32.Build.0 = Debug|Win32
		{A94483E2-FAA2-32C0-9A09-5C012824CF02}.Release|Win32.ActiveCfg = Release|Win32
		{A94483E2-FAA2-32C0-9A09-5C012824CF02}.Release|Win32.Build.0 = Release|Win32
		{A94483E2-FAA2-32C0-9A09-5C012824CF02}.MinSizeRel|Win32.ActiveCfg = MinSizeRel|Win32
		{A94483E2-FAA2-32C0-9A09-5C012824CF02}.MinSizeRel|Win32.Build.0 = MinSizeRel|Win32
		{A94483E2-FAA2-32C0-9A09-5C012824CF02}.RelWithDebInfo|Win32.ActiveCfg = RelWithDebInfo|Win32
		{A94483E2-FAA2-32C0-9A09-5C012824CF02}.RelWithDebInfo|Win32.Build.0 = RelWithDebInfo|Win32
		{CD092747-58CB-38A8-8E56-BC0DF3344429}.Debug|Win32.ActiveCfg = Debug|Win32
		{CD092747-58CB-38A8-8E56-BC0DF3344429}.Debug|Win32.Build.0 = Debug|Win32
		{CD092747-58CB-38A8-8E56-BC0DF3344429}.Release|Win32.ActiveCfg = Release|Win32
		{CD092747-58CB-38A8-8E56-BC0DF3344429}.Release|Win32.Build.0 = Release|Win32
		{CD092747-58CB-38A8-8E56-BC0DF3344429}.MinSizeRel|Win32.ActiveCfg = MinSizeRel|Win32
		{CD092747-58CB-38A8-8E56-BC0DF3344429}.MinSizeRel|Win32.Build.0 = MinSizeRel|Win32
		{CD092747-58CB-38A8-8E56-BC0DF3344429}.RelWithDebInfo|Win32.ActiveCfg = RelWithDebInfo|Win32
		{CD092747-58CB-38A8-8E56-BC0DF3344429}.RelWithDebInfo|Win32.Build.0 = RelWithDebInfo|Win32
	EndGlobalSection
	GlobalSection(ExtensibilityGlobals) = postSolution
	EndGlobalSection
	GlobalSection(ExtensibilityAddIns) = postSolution
	EndGlobalSection
EndGlobal
